// !$*UTF8*$!
{
	archiveVersion = 1;
	classes = {
	};
	objectVersion = 56;
	objects = {

/* Begin PBXBuildFile section */
		55081A602B467AF800D71B31 /* main.swift in Sources */ = {isa = PBXBuildFile; fileRef = 55081A5F2B467AF800D71B31 /* main.swift */; };
		55081A6A2B467BF300D71B31 /* Restaurant.swift in Sources */ = {isa = PBXBuildFile; fileRef = 55081A692B467BF300D71B31 /* Restaurant.swift */; };
		55081A6C2B467C7000D71B31 /* Branch.swift in Sources */ = {isa = PBXBuildFile; fileRef = 55081A6B2B467C7000D71B31 /* Branch.swift */; };
		55081A6E2B467CF400D71B31 /* Person.swift in Sources */ = {isa = PBXBuildFile; fileRef = 55081A6D2B467CF400D71B31 /* Person.swift */; };
		55081A702B467D9D00D71B31 /* Employee.swift in Sources */ = {isa = PBXBuildFile; fileRef = 55081A6F2B467D9D00D71B31 /* Employee.swift */; };
		55081A722B46817E00D71B31 /* Account.swift in Sources */ = {isa = PBXBuildFile; fileRef = 55081A712B46817E00D71B31 /* Account.swift */; };
		55081A752B46877B00D71B31 /* Menu.swift in Sources */ = {isa = PBXBuildFile; fileRef = 55081A742B46877B00D71B31 /* Menu.swift */; };
		55081A772B4687DE00D71B31 /* MenuSection.swift in Sources */ = {isa = PBXBuildFile; fileRef = 55081A762B4687DE00D71B31 /* MenuSection.swift */; };
		55081A792B46881900D71B31 /* MenuItem.swift in Sources */ = {isa = PBXBuildFile; fileRef = 55081A782B46881900D71B31 /* MenuItem.swift */; };
		55081A7B2B46887900D71B31 /* MealItem.swift in Sources */ = {isa = PBXBuildFile; fileRef = 55081A7A2B46887900D71B31 /* MealItem.swift */; };
		55081A7D2B4688AD00D71B31 /* Meal.swift in Sources */ = {isa = PBXBuildFile; fileRef = 55081A7C2B4688AD00D71B31 /* Meal.swift */; };
		55081A7F2B468D1800D71B31 /* Address.swift in Sources */ = {isa = PBXBuildFile; fileRef = 55081A7E2B468D1800D71B31 /* Address.swift */; };
		55081A812B468DF300D71B31 /* Manager.swift in Sources */ = {isa = PBXBuildFile; fileRef = 55081A802B468DF300D71B31 /* Manager.swift */; };
		55081A832B468E3100D71B31 /* Chef.swift in Sources */ = {isa = PBXBuildFile; fileRef = 55081A822B468E3100D71B31 /* Chef.swift */; };
		55081A852B4690E900D71B31 /* Kitchen.swift in Sources */ = {isa = PBXBuildFile; fileRef = 55081A842B4690E900D71B31 /* Kitchen.swift */; };
		55081A872B46938F00D71B31 /* Order.swift in Sources */ = {isa = PBXBuildFile; fileRef = 55081A862B46938F00D71B31 /* Order.swift */; };
		55081A892B4694E000D71B31 /* WaitStaff.swift in Sources */ = {isa = PBXBuildFile; fileRef = 55081A882B4694E000D71B31 /* WaitStaff.swift */; };
		55081A912B46BE4C00D71B31 /* LoginController.swift in Sources */ = {isa = PBXBuildFile; fileRef = 55081A902B46BE4C00D71B31 /* LoginController.swift */; };
		55081A932B46BE5800D71B31 /* SignUpController.swift in Sources */ = {isa = PBXBuildFile; fileRef = 55081A922B46BE5800D71B31 /* SignUpController.swift */; };
		55081A952B46C14A00D71B31 /* UserManager.swift in Sources */ = {isa = PBXBuildFile; fileRef = 55081A942B46C14A00D71B31 /* UserManager.swift */; };
		551E9BDA2B6D2AB6003C57E3 /* Admin.swift in Sources */ = {isa = PBXBuildFile; fileRef = 551E9BD92B6D2AB6003C57E3 /* Admin.swift */; };
		551E9BDD2B720D88003C57E3 /* MenuConsoleView.swift in Sources */ = {isa = PBXBuildFile; fileRef = 551E9BDC2B720D88003C57E3 /* MenuConsoleView.swift */; };
		5529B6342B73668B00B35D99 /* StartUpManager.swift in Sources */ = {isa = PBXBuildFile; fileRef = 5529B6332B73668B00B35D99 /* StartUpManager.swift */; };
		553BA4902B67A5B300B2F7E3 /* BillingController.swift in Sources */ = {isa = PBXBuildFile; fileRef = 553BA48F2B67A5B300B2F7E3 /* BillingController.swift */; };
		553BA4922B67A5BE00B2F7E3 /* BillingConsoleView.swift in Sources */ = {isa = PBXBuildFile; fileRef = 553BA4912B67A5BE00B2F7E3 /* BillingConsoleView.swift */; };
		553BA4972B67DA1400B2F7E3 /* OrderManager.swift in Sources */ = {isa = PBXBuildFile; fileRef = 553BA4962B67DA1400B2F7E3 /* OrderManager.swift */; };
		553BA49A2B68DB2800B2F7E3 /* TableManager.swift in Sources */ = {isa = PBXBuildFile; fileRef = 553BA4992B68DB2800B2F7E3 /* TableManager.swift */; };
		553BA49E2B69018800B2F7E3 /* Bill.swift in Sources */ = {isa = PBXBuildFile; fileRef = 553BA49D2B69018800B2F7E3 /* Bill.swift */; };
		553BA4A12B69293400B2F7E3 /* ChefConsoleView.swift in Sources */ = {isa = PBXBuildFile; fileRef = 553BA4A02B69293400B2F7E3 /* ChefConsoleView.swift */; };
		553BA4A32B6A3B0100B2F7E3 /* ChefController.swift in Sources */ = {isa = PBXBuildFile; fileRef = 553BA4A22B6A3B0100B2F7E3 /* ChefController.swift */; };
		553BA4A62B6B73FC00B2F7E3 /* BillManager.swift in Sources */ = {isa = PBXBuildFile; fileRef = 553BA4A52B6B73FC00B2F7E3 /* BillManager.swift */; };
		554396492B5168F8004D08ED /* FileIOService.swift in Sources */ = {isa = PBXBuildFile; fileRef = 554396482B5168F8004D08ED /* FileIOService.swift */; };
		554396522B58FECD004D08ED /* ModelJSONSerializer.swift in Sources */ = {isa = PBXBuildFile; fileRef = 554396512B58FECD004D08ED /* ModelJSONSerializer.swift */; };
		5543965E2B5A9976004D08ED /* ConsoleView.swift in Sources */ = {isa = PBXBuildFile; fileRef = 5543965D2B5A9976004D08ED /* ConsoleView.swift */; };
		554396632B5A9C40004D08ED /* ConsolePrinter.swift in Sources */ = {isa = PBXBuildFile; fileRef = 554396622B5A9C40004D08ED /* ConsolePrinter.swift */; };
		554396672B5AAD31004D08ED /* CommandLineInputHandler.swift in Sources */ = {isa = PBXBuildFile; fileRef = 554396662B5AAD31004D08ED /* CommandLineInputHandler.swift */; };
		5545DAA62B4E77F3007D31B6 /* UserPrompter.swift in Sources */ = {isa = PBXBuildFile; fileRef = 5545DAA52B4E77F3007D31B6 /* UserPrompter.swift */; };
		5545DAAE2B4EBD00007D31B6 /* AuthController.swift in Sources */ = {isa = PBXBuildFile; fileRef = 5545DAAD2B4EBD00007D31B6 /* AuthController.swift */; };
		5545DABC2B5021B7007D31B6 /* RestaurantMenu.swift in Sources */ = {isa = PBXBuildFile; fileRef = 5545DABB2B5021B7007D31B6 /* RestaurantMenu.swift */; };
		5545DAC22B502C50007D31B6 /* FoodItem.swift in Sources */ = {isa = PBXBuildFile; fileRef = 5545DAC12B502C50007D31B6 /* FoodItem.swift */; };
		557D5E892B5FA63D00A402D3 /* RestaurantController.swift in Sources */ = {isa = PBXBuildFile; fileRef = 557D5E882B5FA63D00A402D3 /* RestaurantController.swift */; };
		557D5E8C2B5FC06F00A402D3 /* AdminConsoleView.swift in Sources */ = {isa = PBXBuildFile; fileRef = 557D5E8B2B5FC06F00A402D3 /* AdminConsoleView.swift */; };
		557D5E8F2B5FC0F100A402D3 /* AdminController.swift in Sources */ = {isa = PBXBuildFile; fileRef = 557D5E8E2B5FC0F100A402D3 /* AdminController.swift */; };
		557D5E922B5FD6DD00A402D3 /* AuthConsoleView.swift in Sources */ = {isa = PBXBuildFile; fileRef = 557D5E912B5FD6DD00A402D3 /* AuthConsoleView.swift */; };
		557D5E942B5FE69100A402D3 /* SetupConsoleView.swift in Sources */ = {isa = PBXBuildFile; fileRef = 557D5E932B5FE69100A402D3 /* SetupConsoleView.swift */; };
		558B05BD2B73AE15009159BA /* AppOnboardingProtocol.swift in Sources */ = {isa = PBXBuildFile; fileRef = 558B05BC2B73AE15009159BA /* AppOnboardingProtocol.swift */; };
		558B05BF2B74AAE5009159BA /* SetupController.swift in Sources */ = {isa = PBXBuildFile; fileRef = 558B05BE2B74AAE5009159BA /* SetupController.swift */; };
		558B05C32B74B7AE009159BA /* RestaurantManager.swift in Sources */ = {isa = PBXBuildFile; fileRef = 558B05C22B74B7AE009159BA /* RestaurantManager.swift */; };
		558B05C52B74E86B009159BA /* UserRepository.swift in Sources */ = {isa = PBXBuildFile; fileRef = 558B05C42B74E86B009159BA /* UserRepository.swift */; };
		558B05C72B74E9D6009159BA /* InMemoryUserRepository.swift in Sources */ = {isa = PBXBuildFile; fileRef = 558B05C62B74E9D6009159BA /* InMemoryUserRepository.swift */; };
		558B05CA2B75FDE2009159BA /* AuthenticationManager.swift in Sources */ = {isa = PBXBuildFile; fileRef = 558B05C92B75FDE2009159BA /* AuthenticationManager.swift */; };
		55A65C952B60EC7600776D03 /* LoginConsoleView.swift in Sources */ = {isa = PBXBuildFile; fileRef = 55A65C942B60EC7600776D03 /* LoginConsoleView.swift */; };
		55A65C982B61108F00776D03 /* OrderController.swift in Sources */ = {isa = PBXBuildFile; fileRef = 55A65C972B61108F00776D03 /* OrderController.swift */; };
		55A65C9B2B613AD300776D03 /* MenuController.swift in Sources */ = {isa = PBXBuildFile; fileRef = 55A65C9A2B613AD300776D03 /* MenuController.swift */; };
		55A65C9E2B62375300776D03 /* HomeConsoleView.swift in Sources */ = {isa = PBXBuildFile; fileRef = 55A65C9D2B62375300776D03 /* HomeConsoleView.swift */; };
		55A65CA02B623AC400776D03 /* Table.swift in Sources */ = {isa = PBXBuildFile; fileRef = 55A65C9F2B623AC400776D03 /* Table.swift */; };
		55A65CA52B6246C500776D03 /* OrderConsoleView.swift in Sources */ = {isa = PBXBuildFile; fileRef = 55A65CA42B6246C500776D03 /* OrderConsoleView.swift */; };
		55A7836F2B4BFD0E00E20DF9 /* EditAccountController.swift in Sources */ = {isa = PBXBuildFile; fileRef = 55A7836E2B4BFD0E00E20DF9 /* EditAccountController.swift */; };
		55A783732B4C009000E20DF9 /* AuthenticationValidator.swift in Sources */ = {isa = PBXBuildFile; fileRef = 55A783722B4C009000E20DF9 /* AuthenticationValidator.swift */; };
		55C660922B6BBE9200E7FFFB /* String+OrderFormatting.swift in Sources */ = {isa = PBXBuildFile; fileRef = 55C660912B6BBE9200E7FFFB /* String+OrderFormatting.swift */; };
/* End PBXBuildFile section */

/* Begin PBXCopyFilesBuildPhase section */
		55081A5A2B467AF800D71B31 /* CopyFiles */ = {
			isa = PBXCopyFilesBuildPhase;
			buildActionMask = 2147483647;
			dstPath = /usr/share/man/man1/;
			dstSubfolderSpec = 0;
			files = (
			);
			runOnlyForDeploymentPostprocessing = 1;
		};
/* End PBXCopyFilesBuildPhase section */

/* Begin PBXFileReference section */
		55081A5C2B467AF800D71B31 /* Dine */ = {isa = PBXFileReference; explicitFileType = "compiled.mach-o.executable"; includeInIndex = 0; path = Dine; sourceTree = BUILT_PRODUCTS_DIR; };
		55081A5F2B467AF800D71B31 /* main.swift */ = {isa = PBXFileReference; lastKnownFileType = sourcecode.swift; path = main.swift; sourceTree = "<group>"; };
		55081A692B467BF300D71B31 /* Restaurant.swift */ = {isa = PBXFileReference; lastKnownFileType = sourcecode.swift; path = Restaurant.swift; sourceTree = "<group>"; };
		55081A6B2B467C7000D71B31 /* Branch.swift */ = {isa = PBXFileReference; lastKnownFileType = sourcecode.swift; path = Branch.swift; sourceTree = "<group>"; };
		55081A6D2B467CF400D71B31 /* Person.swift */ = {isa = PBXFileReference; lastKnownFileType = sourcecode.swift; path = Person.swift; sourceTree = "<group>"; };
		55081A6F2B467D9D00D71B31 /* Employee.swift */ = {isa = PBXFileReference; lastKnownFileType = sourcecode.swift; path = Employee.swift; sourceTree = "<group>"; };
		55081A712B46817E00D71B31 /* Account.swift */ = {isa = PBXFileReference; lastKnownFileType = sourcecode.swift; path = Account.swift; sourceTree = "<group>"; };
		55081A742B46877B00D71B31 /* Menu.swift */ = {isa = PBXFileReference; lastKnownFileType = sourcecode.swift; path = Menu.swift; sourceTree = "<group>"; };
		55081A762B4687DE00D71B31 /* MenuSection.swift */ = {isa = PBXFileReference; lastKnownFileType = sourcecode.swift; path = MenuSection.swift; sourceTree = "<group>"; };
		55081A782B46881900D71B31 /* MenuItem.swift */ = {isa = PBXFileReference; lastKnownFileType = sourcecode.swift; path = MenuItem.swift; sourceTree = "<group>"; };
		55081A7A2B46887900D71B31 /* MealItem.swift */ = {isa = PBXFileReference; lastKnownFileType = sourcecode.swift; path = MealItem.swift; sourceTree = "<group>"; };
		55081A7C2B4688AD00D71B31 /* Meal.swift */ = {isa = PBXFileReference; lastKnownFileType = sourcecode.swift; path = Meal.swift; sourceTree = "<group>"; };
		55081A7E2B468D1800D71B31 /* Address.swift */ = {isa = PBXFileReference; lastKnownFileType = sourcecode.swift; path = Address.swift; sourceTree = "<group>"; };
		55081A802B468DF300D71B31 /* Manager.swift */ = {isa = PBXFileReference; lastKnownFileType = sourcecode.swift; path = Manager.swift; sourceTree = "<group>"; };
		55081A822B468E3100D71B31 /* Chef.swift */ = {isa = PBXFileReference; lastKnownFileType = sourcecode.swift; path = Chef.swift; sourceTree = "<group>"; };
		55081A842B4690E900D71B31 /* Kitchen.swift */ = {isa = PBXFileReference; lastKnownFileType = sourcecode.swift; path = Kitchen.swift; sourceTree = "<group>"; };
		55081A862B46938F00D71B31 /* Order.swift */ = {isa = PBXFileReference; lastKnownFileType = sourcecode.swift; path = Order.swift; sourceTree = "<group>"; };
		55081A882B4694E000D71B31 /* WaitStaff.swift */ = {isa = PBXFileReference; lastKnownFileType = sourcecode.swift; path = WaitStaff.swift; sourceTree = "<group>"; };
		55081A902B46BE4C00D71B31 /* LoginController.swift */ = {isa = PBXFileReference; lastKnownFileType = sourcecode.swift; path = LoginController.swift; sourceTree = "<group>"; };
		55081A922B46BE5800D71B31 /* SignUpController.swift */ = {isa = PBXFileReference; lastKnownFileType = sourcecode.swift; path = SignUpController.swift; sourceTree = "<group>"; };
		55081A942B46C14A00D71B31 /* UserManager.swift */ = {isa = PBXFileReference; lastKnownFileType = sourcecode.swift; path = UserManager.swift; sourceTree = "<group>"; };
		551E9BD92B6D2AB6003C57E3 /* Admin.swift */ = {isa = PBXFileReference; lastKnownFileType = sourcecode.swift; path = Admin.swift; sourceTree = "<group>"; };
		551E9BDC2B720D88003C57E3 /* MenuConsoleView.swift */ = {isa = PBXFileReference; lastKnownFileType = sourcecode.swift; path = MenuConsoleView.swift; sourceTree = "<group>"; };
		5529B6332B73668B00B35D99 /* StartUpManager.swift */ = {isa = PBXFileReference; lastKnownFileType = sourcecode.swift; path = StartUpManager.swift; sourceTree = "<group>"; };
		553BA48F2B67A5B300B2F7E3 /* BillingController.swift */ = {isa = PBXFileReference; lastKnownFileType = sourcecode.swift; path = BillingController.swift; sourceTree = "<group>"; };
		553BA4912B67A5BE00B2F7E3 /* BillingConsoleView.swift */ = {isa = PBXFileReference; lastKnownFileType = sourcecode.swift; path = BillingConsoleView.swift; sourceTree = "<group>"; };
		553BA4962B67DA1400B2F7E3 /* OrderManager.swift */ = {isa = PBXFileReference; lastKnownFileType = sourcecode.swift; path = OrderManager.swift; sourceTree = "<group>"; };
		553BA4992B68DB2800B2F7E3 /* TableManager.swift */ = {isa = PBXFileReference; lastKnownFileType = sourcecode.swift; path = TableManager.swift; sourceTree = "<group>"; };
		553BA49D2B69018800B2F7E3 /* Bill.swift */ = {isa = PBXFileReference; lastKnownFileType = sourcecode.swift; path = Bill.swift; sourceTree = "<group>"; };
		553BA4A02B69293400B2F7E3 /* ChefConsoleView.swift */ = {isa = PBXFileReference; lastKnownFileType = sourcecode.swift; path = ChefConsoleView.swift; sourceTree = "<group>"; };
		553BA4A22B6A3B0100B2F7E3 /* ChefController.swift */ = {isa = PBXFileReference; lastKnownFileType = sourcecode.swift; path = ChefController.swift; sourceTree = "<group>"; };
		553BA4A52B6B73FC00B2F7E3 /* BillManager.swift */ = {isa = PBXFileReference; lastKnownFileType = sourcecode.swift; path = BillManager.swift; sourceTree = "<group>"; };
		554396482B5168F8004D08ED /* FileIOService.swift */ = {isa = PBXFileReference; lastKnownFileType = sourcecode.swift; path = FileIOService.swift; sourceTree = "<group>"; };
		554396512B58FECD004D08ED /* ModelJSONSerializer.swift */ = {isa = PBXFileReference; lastKnownFileType = sourcecode.swift; path = ModelJSONSerializer.swift; sourceTree = "<group>"; };
		5543965D2B5A9976004D08ED /* ConsoleView.swift */ = {isa = PBXFileReference; lastKnownFileType = sourcecode.swift; path = ConsoleView.swift; sourceTree = "<group>"; };
		554396622B5A9C40004D08ED /* ConsolePrinter.swift */ = {isa = PBXFileReference; lastKnownFileType = sourcecode.swift; path = ConsolePrinter.swift; sourceTree = "<group>"; };
		554396662B5AAD31004D08ED /* CommandLineInputHandler.swift */ = {isa = PBXFileReference; lastKnownFileType = sourcecode.swift; path = CommandLineInputHandler.swift; sourceTree = "<group>"; };
		5545DAA52B4E77F3007D31B6 /* UserPrompter.swift */ = {isa = PBXFileReference; lastKnownFileType = sourcecode.swift; path = UserPrompter.swift; sourceTree = "<group>"; };
		5545DAAD2B4EBD00007D31B6 /* AuthController.swift */ = {isa = PBXFileReference; lastKnownFileType = sourcecode.swift; path = AuthController.swift; sourceTree = "<group>"; };
		5545DABB2B5021B7007D31B6 /* RestaurantMenu.swift */ = {isa = PBXFileReference; lastKnownFileType = sourcecode.swift; path = RestaurantMenu.swift; sourceTree = "<group>"; };
		5545DAC12B502C50007D31B6 /* FoodItem.swift */ = {isa = PBXFileReference; lastKnownFileType = sourcecode.swift; path = FoodItem.swift; sourceTree = "<group>"; };
		557D5E882B5FA63D00A402D3 /* RestaurantController.swift */ = {isa = PBXFileReference; lastKnownFileType = sourcecode.swift; path = RestaurantController.swift; sourceTree = "<group>"; };
		557D5E8B2B5FC06F00A402D3 /* AdminConsoleView.swift */ = {isa = PBXFileReference; lastKnownFileType = sourcecode.swift; path = AdminConsoleView.swift; sourceTree = "<group>"; };
		557D5E8E2B5FC0F100A402D3 /* AdminController.swift */ = {isa = PBXFileReference; lastKnownFileType = sourcecode.swift; path = AdminController.swift; sourceTree = "<group>"; };
		557D5E912B5FD6DD00A402D3 /* AuthConsoleView.swift */ = {isa = PBXFileReference; lastKnownFileType = sourcecode.swift; path = AuthConsoleView.swift; sourceTree = "<group>"; };
		557D5E932B5FE69100A402D3 /* SetupConsoleView.swift */ = {isa = PBXFileReference; lastKnownFileType = sourcecode.swift; path = SetupConsoleView.swift; sourceTree = "<group>"; };
		558B05BC2B73AE15009159BA /* AppOnboardingProtocol.swift */ = {isa = PBXFileReference; lastKnownFileType = sourcecode.swift; path = AppOnboardingProtocol.swift; sourceTree = "<group>"; };
		558B05BE2B74AAE5009159BA /* SetupController.swift */ = {isa = PBXFileReference; lastKnownFileType = sourcecode.swift; path = SetupController.swift; sourceTree = "<group>"; };
		558B05C22B74B7AE009159BA /* RestaurantManager.swift */ = {isa = PBXFileReference; lastKnownFileType = sourcecode.swift; path = RestaurantManager.swift; sourceTree = "<group>"; };
		558B05C42B74E86B009159BA /* UserRepository.swift */ = {isa = PBXFileReference; lastKnownFileType = sourcecode.swift; path = UserRepository.swift; sourceTree = "<group>"; };
		558B05C62B74E9D6009159BA /* InMemoryUserRepository.swift */ = {isa = PBXFileReference; lastKnownFileType = sourcecode.swift; path = InMemoryUserRepository.swift; sourceTree = "<group>"; };
		558B05C92B75FDE2009159BA /* AuthenticationManager.swift */ = {isa = PBXFileReference; lastKnownFileType = sourcecode.swift; path = AuthenticationManager.swift; sourceTree = "<group>"; };
		55A65C942B60EC7600776D03 /* LoginConsoleView.swift */ = {isa = PBXFileReference; lastKnownFileType = sourcecode.swift; path = LoginConsoleView.swift; sourceTree = "<group>"; };
		55A65C972B61108F00776D03 /* OrderController.swift */ = {isa = PBXFileReference; lastKnownFileType = sourcecode.swift; path = OrderController.swift; sourceTree = "<group>"; };
		55A65C9A2B613AD300776D03 /* MenuController.swift */ = {isa = PBXFileReference; lastKnownFileType = sourcecode.swift; path = MenuController.swift; sourceTree = "<group>"; };
		55A65C9D2B62375300776D03 /* HomeConsoleView.swift */ = {isa = PBXFileReference; lastKnownFileType = sourcecode.swift; path = HomeConsoleView.swift; sourceTree = "<group>"; };
		55A65C9F2B623AC400776D03 /* Table.swift */ = {isa = PBXFileReference; lastKnownFileType = sourcecode.swift; path = Table.swift; sourceTree = "<group>"; };
		55A65CA42B6246C500776D03 /* OrderConsoleView.swift */ = {isa = PBXFileReference; lastKnownFileType = sourcecode.swift; path = OrderConsoleView.swift; sourceTree = "<group>"; };
		55A7836E2B4BFD0E00E20DF9 /* EditAccountController.swift */ = {isa = PBXFileReference; lastKnownFileType = sourcecode.swift; path = EditAccountController.swift; sourceTree = "<group>"; };
		55A783722B4C009000E20DF9 /* AuthenticationValidator.swift */ = {isa = PBXFileReference; lastKnownFileType = sourcecode.swift; path = AuthenticationValidator.swift; sourceTree = "<group>"; };
		55C660912B6BBE9200E7FFFB /* String+OrderFormatting.swift */ = {isa = PBXFileReference; lastKnownFileType = sourcecode.swift; path = "String+OrderFormatting.swift"; sourceTree = "<group>"; };
/* End PBXFileReference section */

/* Begin PBXFrameworksBuildPhase section */
		55081A592B467AF800D71B31 /* Frameworks */ = {
			isa = PBXFrameworksBuildPhase;
			buildActionMask = 2147483647;
			files = (
			);
			runOnlyForDeploymentPostprocessing = 0;
		};
/* End PBXFrameworksBuildPhase section */

/* Begin PBXGroup section */
		55081A532B467AF800D71B31 = {
			isa = PBXGroup;
			children = (
				55081A5E2B467AF800D71B31 /* Dine */,
				55081A5D2B467AF800D71B31 /* Products */,
			);
			sourceTree = "<group>";
		};
		55081A5D2B467AF800D71B31 /* Products */ = {
			isa = PBXGroup;
			children = (
				55081A5C2B467AF800D71B31 /* Dine */,
			);
			name = Products;
			sourceTree = "<group>";
		};
		55081A5E2B467AF800D71B31 /* Dine */ = {
			isa = PBXGroup;
			children = (
				558B05C82B75FDCD009159BA /* Authentication */,
				55C660902B6BBE8900E7FFFB /* Extension */,
				55081A662B467B0F00D71B31 /* Modal */,
				55081A672B467B1300D71B31 /* View */,
				55081A682B467B1700D71B31 /* Controller */,
				5545DAA22B4E77C4007D31B6 /* Utilities */,
				55081A5F2B467AF800D71B31 /* main.swift */,
				5529B6332B73668B00B35D99 /* StartUpManager.swift */,
				558B05BC2B73AE15009159BA /* AppOnboardingProtocol.swift */,
				558B05C22B74B7AE009159BA /* RestaurantManager.swift */,
			);
			path = Dine;
			sourceTree = "<group>";
		};
		55081A662B467B0F00D71B31 /* Modal */ = {
			isa = PBXGroup;
			children = (
				551E9BD82B6D2AAB003C57E3 /* Admin */,
				553BA49C2B69018100B2F7E3 /* Bill */,
				55081A8D2B46973400D71B31 /* Person */,
				55081A8C2B46972D00D71B31 /* Account */,
				55081A8B2B46972600D71B31 /* Order */,
				55081A8A2B4696F500D71B31 /* Restaurant */,
				55081A732B46877400D71B31 /* Menu */,
			);
			path = Modal;
			sourceTree = "<group>";
		};
		55081A672B467B1300D71B31 /* View */ = {
			isa = PBXGroup;
			children = (
				551E9BDB2B720D79003C57E3 /* Menu */,
				553BA49F2B69291A00B2F7E3 /* Chef */,
				553BA48D2B67A59B00B2F7E3 /* Billing */,
				55A65CA12B6246AB00776D03 /* Order */,
				55A65C9C2B62374A00776D03 /* Home */,
				55A65C932B60EC5D00776D03 /* Login */,
				557D5E902B5FD6C500A402D3 /* Authorization */,
				557D5E8A2B5FC05F00A402D3 /* Admin */,
				557D5E852B5FA58800A402D3 /* Setup */,
				554396612B5A9C1A004D08ED /* ViewProtocols */,
			);
			path = View;
			sourceTree = "<group>";
		};
		55081A682B467B1700D71B31 /* Controller */ = {
			isa = PBXGroup;
			children = (
				553BA4982B68DB1F00B2F7E3 /* Table */,
				553BA4932B67C0C400B2F7E3 /* Chef */,
				553BA48E2B67A5A100B2F7E3 /* Billing */,
				55A65C992B613ABC00776D03 /* Menu */,
				55A65C962B61107E00776D03 /* Order */,
				557D5E8D2B5FC0E700A402D3 /* Admin */,
				557D5E7E2B5EBDD600A402D3 /* Setup */,
				55A783692B48324A00E20DF9 /* Authorization */,
			);
			path = Controller;
			sourceTree = "<group>";
		};
		55081A732B46877400D71B31 /* Menu */ = {
			isa = PBXGroup;
			children = (
				5545DAC12B502C50007D31B6 /* FoodItem.swift */,
				55081A742B46877B00D71B31 /* Menu.swift */,
				55081A762B4687DE00D71B31 /* MenuSection.swift */,
				55081A782B46881900D71B31 /* MenuItem.swift */,
				55081A7A2B46887900D71B31 /* MealItem.swift */,
				55081A7C2B4688AD00D71B31 /* Meal.swift */,
				5545DABB2B5021B7007D31B6 /* RestaurantMenu.swift */,
			);
			path = Menu;
			sourceTree = "<group>";
		};
		55081A8A2B4696F500D71B31 /* Restaurant */ = {
			isa = PBXGroup;
			children = (
				55081A7E2B468D1800D71B31 /* Address.swift */,
				55081A842B4690E900D71B31 /* Kitchen.swift */,
				55081A6B2B467C7000D71B31 /* Branch.swift */,
				55081A692B467BF300D71B31 /* Restaurant.swift */,
				55A65C9F2B623AC400776D03 /* Table.swift */,
			);
			path = Restaurant;
			sourceTree = "<group>";
		};
		55081A8B2B46972600D71B31 /* Order */ = {
			isa = PBXGroup;
			children = (
				55081A862B46938F00D71B31 /* Order.swift */,
			);
			path = Order;
			sourceTree = "<group>";
		};
		55081A8C2B46972D00D71B31 /* Account */ = {
			isa = PBXGroup;
			children = (
				55081A712B46817E00D71B31 /* Account.swift */,
			);
			path = Account;
			sourceTree = "<group>";
		};
		55081A8D2B46973400D71B31 /* Person */ = {
			isa = PBXGroup;
			children = (
				55081A6D2B467CF400D71B31 /* Person.swift */,
				55081A6F2B467D9D00D71B31 /* Employee.swift */,
				55081A822B468E3100D71B31 /* Chef.swift */,
				55081A802B468DF300D71B31 /* Manager.swift */,
				55081A882B4694E000D71B31 /* WaitStaff.swift */,
			);
			path = Person;
			sourceTree = "<group>";
		};
		551E9BD82B6D2AAB003C57E3 /* Admin */ = {
			isa = PBXGroup;
			children = (
				551E9BD92B6D2AB6003C57E3 /* Admin.swift */,
			);
			path = Admin;
			sourceTree = "<group>";
		};
		551E9BDB2B720D79003C57E3 /* Menu */ = {
			isa = PBXGroup;
			children = (
				551E9BDC2B720D88003C57E3 /* MenuConsoleView.swift */,
			);
			path = Menu;
			sourceTree = "<group>";
		};
		553BA48D2B67A59B00B2F7E3 /* Billing */ = {
			isa = PBXGroup;
			children = (
				553BA4912B67A5BE00B2F7E3 /* BillingConsoleView.swift */,
			);
			path = Billing;
			sourceTree = "<group>";
		};
		553BA48E2B67A5A100B2F7E3 /* Billing */ = {
			isa = PBXGroup;
			children = (
				553BA48F2B67A5B300B2F7E3 /* BillingController.swift */,
			);
			path = Billing;
			sourceTree = "<group>";
		};
		553BA4932B67C0C400B2F7E3 /* Chef */ = {
			isa = PBXGroup;
			children = (
				553BA4A22B6A3B0100B2F7E3 /* ChefController.swift */,
			);
			path = Chef;
			sourceTree = "<group>";
		};
		553BA4982B68DB1F00B2F7E3 /* Table */ = {
			isa = PBXGroup;
			children = (
				553BA4992B68DB2800B2F7E3 /* TableManager.swift */,
			);
			path = Table;
			sourceTree = "<group>";
		};
		553BA49C2B69018100B2F7E3 /* Bill */ = {
			isa = PBXGroup;
			children = (
				553BA49D2B69018800B2F7E3 /* Bill.swift */,
				553BA4A52B6B73FC00B2F7E3 /* BillManager.swift */,
			);
			path = Bill;
			sourceTree = "<group>";
		};
		553BA49F2B69291A00B2F7E3 /* Chef */ = {
			isa = PBXGroup;
			children = (
				553BA4A02B69293400B2F7E3 /* ChefConsoleView.swift */,
			);
			path = Chef;
			sourceTree = "<group>";
		};
		553BA4A42B6A535900B2F7E3 /* Save */ = {
			isa = PBXGroup;
			children = (
			);
			path = Save;
			sourceTree = "<group>";
		};
		554396612B5A9C1A004D08ED /* ViewProtocols */ = {
			isa = PBXGroup;
			children = (
				5543965D2B5A9976004D08ED /* ConsoleView.swift */,
				554396622B5A9C40004D08ED /* ConsolePrinter.swift */,
				554396662B5AAD31004D08ED /* CommandLineInputHandler.swift */,
			);
			path = ViewProtocols;
			sourceTree = "<group>";
		};
		5545DAA22B4E77C4007D31B6 /* Utilities */ = {
			isa = PBXGroup;
			children = (
				553BA4A42B6A535900B2F7E3 /* Save */,
				5598434C2B5AAFD900930AF8 /* File */,
				5598434B2B5AAFCA00930AF8 /* User */,
			);
			path = Utilities;
			sourceTree = "<group>";
		};
		557D5E7E2B5EBDD600A402D3 /* Setup */ = {
			isa = PBXGroup;
			children = (
				557D5E882B5FA63D00A402D3 /* RestaurantController.swift */,
				558B05BE2B74AAE5009159BA /* SetupController.swift */,
			);
			path = Setup;
			sourceTree = "<group>";
		};
		557D5E852B5FA58800A402D3 /* Setup */ = {
			isa = PBXGroup;
			children = (
				557D5E932B5FE69100A402D3 /* SetupConsoleView.swift */,
			);
			path = Setup;
			sourceTree = "<group>";
		};
		557D5E8A2B5FC05F00A402D3 /* Admin */ = {
			isa = PBXGroup;
			children = (
				557D5E8B2B5FC06F00A402D3 /* AdminConsoleView.swift */,
			);
			path = Admin;
			sourceTree = "<group>";
		};
		557D5E8D2B5FC0E700A402D3 /* Admin */ = {
			isa = PBXGroup;
			children = (
				557D5E8E2B5FC0F100A402D3 /* AdminController.swift */,
			);
			path = Admin;
			sourceTree = "<group>";
		};
		557D5E902B5FD6C500A402D3 /* Authorization */ = {
			isa = PBXGroup;
			children = (
				557D5E912B5FD6DD00A402D3 /* AuthConsoleView.swift */,
			);
			path = Authorization;
			sourceTree = "<group>";
		};
		558B05C82B75FDCD009159BA /* Authentication */ = {
			isa = PBXGroup;
			children = (
				558B05C92B75FDE2009159BA /* AuthenticationManager.swift */,
			);
			path = Authentication;
			sourceTree = "<group>";
		};
		5598434B2B5AAFCA00930AF8 /* User */ = {
			isa = PBXGroup;
			children = (
				55A783722B4C009000E20DF9 /* AuthenticationValidator.swift */,
				55081A942B46C14A00D71B31 /* UserManager.swift */,
				5545DAA52B4E77F3007D31B6 /* UserPrompter.swift */,
				558B05C42B74E86B009159BA /* UserRepository.swift */,
				558B05C62B74E9D6009159BA /* InMemoryUserRepository.swift */,
			);
			path = User;
			sourceTree = "<group>";
		};
		5598434C2B5AAFD900930AF8 /* File */ = {
			isa = PBXGroup;
			children = (
				554396482B5168F8004D08ED /* FileIOService.swift */,
				554396512B58FECD004D08ED /* ModelJSONSerializer.swift */,
			);
			path = File;
			sourceTree = "<group>";
		};
		55A65C932B60EC5D00776D03 /* Login */ = {
			isa = PBXGroup;
			children = (
				55A65C942B60EC7600776D03 /* LoginConsoleView.swift */,
			);
			path = Login;
			sourceTree = "<group>";
		};
		55A65C962B61107E00776D03 /* Order */ = {
			isa = PBXGroup;
			children = (
				55A65C972B61108F00776D03 /* OrderController.swift */,
				553BA4962B67DA1400B2F7E3 /* OrderManager.swift */,
			);
			path = Order;
			sourceTree = "<group>";
		};
		55A65C992B613ABC00776D03 /* Menu */ = {
			isa = PBXGroup;
			children = (
				55A65C9A2B613AD300776D03 /* MenuController.swift */,
			);
			path = Menu;
			sourceTree = "<group>";
		};
		55A65C9C2B62374A00776D03 /* Home */ = {
			isa = PBXGroup;
			children = (
				55A65C9D2B62375300776D03 /* HomeConsoleView.swift */,
			);
			path = Home;
			sourceTree = "<group>";
		};
		55A65CA12B6246AB00776D03 /* Order */ = {
			isa = PBXGroup;
			children = (
				55A65CA42B6246C500776D03 /* OrderConsoleView.swift */,
			);
			path = Order;
			sourceTree = "<group>";
		};
		55A783692B48324A00E20DF9 /* Authorization */ = {
			isa = PBXGroup;
			children = (
				5545DAAD2B4EBD00007D31B6 /* AuthController.swift */,
				55081A902B46BE4C00D71B31 /* LoginController.swift */,
				55081A922B46BE5800D71B31 /* SignUpController.swift */,
				55A7836E2B4BFD0E00E20DF9 /* EditAccountController.swift */,
			);
			path = Authorization;
			sourceTree = "<group>";
		};
		55C660902B6BBE8900E7FFFB /* Extension */ = {
			isa = PBXGroup;
			children = (
				55C660912B6BBE9200E7FFFB /* String+OrderFormatting.swift */,
			);
			path = Extension;
			sourceTree = "<group>";
		};
/* End PBXGroup section */

/* Begin PBXNativeTarget section */
		55081A5B2B467AF800D71B31 /* Dine */ = {
			isa = PBXNativeTarget;
			buildConfigurationList = 55081A632B467AF800D71B31 /* Build configuration list for PBXNativeTarget "Dine" */;
			buildPhases = (
				55081A582B467AF800D71B31 /* Sources */,
				55081A592B467AF800D71B31 /* Frameworks */,
				55081A5A2B467AF800D71B31 /* CopyFiles */,
			);
			buildRules = (
			);
			dependencies = (
			);
			name = Dine;
			productName = Dine;
			productReference = 55081A5C2B467AF800D71B31 /* Dine */;
			productType = "com.apple.product-type.tool";
		};
/* End PBXNativeTarget section */

/* Begin PBXProject section */
		55081A542B467AF800D71B31 /* Project object */ = {
			isa = PBXProject;
			attributes = {
				BuildIndependentTargetsInParallel = 1;
				LastSwiftUpdateCheck = 1500;
				LastUpgradeCheck = 1500;
				TargetAttributes = {
					55081A5B2B467AF800D71B31 = {
						CreatedOnToolsVersion = 15.0;
					};
				};
			};
			buildConfigurationList = 55081A572B467AF800D71B31 /* Build configuration list for PBXProject "Dine" */;
			compatibilityVersion = "Xcode 14.0";
			developmentRegion = en;
			hasScannedForEncodings = 0;
			knownRegions = (
				en,
				Base,
			);
			mainGroup = 55081A532B467AF800D71B31;
			productRefGroup = 55081A5D2B467AF800D71B31 /* Products */;
			projectDirPath = "";
			projectRoot = "";
			targets = (
				55081A5B2B467AF800D71B31 /* Dine */,
			);
		};
/* End PBXProject section */

/* Begin PBXSourcesBuildPhase section */
		55081A582B467AF800D71B31 /* Sources */ = {
			isa = PBXSourcesBuildPhase;
			buildActionMask = 2147483647;
			files = (
				5545DABC2B5021B7007D31B6 /* RestaurantMenu.swift in Sources */,
				554396522B58FECD004D08ED /* ModelJSONSerializer.swift in Sources */,
				557D5E942B5FE69100A402D3 /* SetupConsoleView.swift in Sources */,
				554396632B5A9C40004D08ED /* ConsolePrinter.swift in Sources */,
				55081A932B46BE5800D71B31 /* SignUpController.swift in Sources */,
				55081A6A2B467BF300D71B31 /* Restaurant.swift in Sources */,
				55081A6C2B467C7000D71B31 /* Branch.swift in Sources */,
				55081A872B46938F00D71B31 /* Order.swift in Sources */,
				5545DAAE2B4EBD00007D31B6 /* AuthController.swift in Sources */,
				55A65C9B2B613AD300776D03 /* MenuController.swift in Sources */,
				55081A752B46877B00D71B31 /* Menu.swift in Sources */,
				553BA4A12B69293400B2F7E3 /* ChefConsoleView.swift in Sources */,
				553BA4A62B6B73FC00B2F7E3 /* BillManager.swift in Sources */,
				55081A6E2B467CF400D71B31 /* Person.swift in Sources */,
				5545DAC22B502C50007D31B6 /* FoodItem.swift in Sources */,
				55081A7D2B4688AD00D71B31 /* Meal.swift in Sources */,
				55A7836F2B4BFD0E00E20DF9 /* EditAccountController.swift in Sources */,
				5543965E2B5A9976004D08ED /* ConsoleView.swift in Sources */,
				55081A832B468E3100D71B31 /* Chef.swift in Sources */,
				551E9BDA2B6D2AB6003C57E3 /* Admin.swift in Sources */,
				55A65C982B61108F00776D03 /* OrderController.swift in Sources */,
				553BA4922B67A5BE00B2F7E3 /* BillingConsoleView.swift in Sources */,
				554396492B5168F8004D08ED /* FileIOService.swift in Sources */,
				55081A702B467D9D00D71B31 /* Employee.swift in Sources */,
				554396672B5AAD31004D08ED /* CommandLineInputHandler.swift in Sources */,
				553BA4A32B6A3B0100B2F7E3 /* ChefController.swift in Sources */,
				55081A852B4690E900D71B31 /* Kitchen.swift in Sources */,
				55081A7F2B468D1800D71B31 /* Address.swift in Sources */,
				55081A812B468DF300D71B31 /* Manager.swift in Sources */,
				55081A602B467AF800D71B31 /* main.swift in Sources */,
				557D5E922B5FD6DD00A402D3 /* AuthConsoleView.swift in Sources */,
				55081A792B46881900D71B31 /* MenuItem.swift in Sources */,
				55081A912B46BE4C00D71B31 /* LoginController.swift in Sources */,
				558B05CA2B75FDE2009159BA /* AuthenticationManager.swift in Sources */,
				55A65CA52B6246C500776D03 /* OrderConsoleView.swift in Sources */,
				55081A892B4694E000D71B31 /* WaitStaff.swift in Sources */,
				557D5E8C2B5FC06F00A402D3 /* AdminConsoleView.swift in Sources */,
				55081A7B2B46887900D71B31 /* MealItem.swift in Sources */,
				55081A772B4687DE00D71B31 /* MenuSection.swift in Sources */,
				55A65C952B60EC7600776D03 /* LoginConsoleView.swift in Sources */,
				55081A952B46C14A00D71B31 /* UserManager.swift in Sources */,
				55A783732B4C009000E20DF9 /* AuthenticationValidator.swift in Sources */,
				5529B6342B73668B00B35D99 /* StartUpManager.swift in Sources */,
				553BA4902B67A5B300B2F7E3 /* BillingController.swift in Sources */,
				55C660922B6BBE9200E7FFFB /* String+OrderFormatting.swift in Sources */,
				55A65CA02B623AC400776D03 /* Table.swift in Sources */,
				551E9BDD2B720D88003C57E3 /* MenuConsoleView.swift in Sources */,
				553BA49E2B69018800B2F7E3 /* Bill.swift in Sources */,
				557D5E892B5FA63D00A402D3 /* RestaurantController.swift in Sources */,
				558B05C52B74E86B009159BA /* UserRepository.swift in Sources */,
				553BA49A2B68DB2800B2F7E3 /* TableManager.swift in Sources */,
				558B05C32B74B7AE009159BA /* RestaurantManager.swift in Sources */,
				55A65C9E2B62375300776D03 /* HomeConsoleView.swift in Sources */,
				558B05C72B74E9D6009159BA /* InMemoryUserRepository.swift in Sources */,
				558B05BD2B73AE15009159BA /* AppOnboardingProtocol.swift in Sources */,
				553BA4972B67DA1400B2F7E3 /* OrderManager.swift in Sources */,
				55081A722B46817E00D71B31 /* Account.swift in Sources */,
				558B05BF2B74AAE5009159BA /* SetupController.swift in Sources */,
				5545DAA62B4E77F3007D31B6 /* UserPrompter.swift in Sources */,
				557D5E8F2B5FC0F100A402D3 /* AdminController.swift in Sources */,
			);
			runOnlyForDeploymentPostprocessing = 0;
		};
/* End PBXSourcesBuildPhase section */

/* Begin XCBuildConfiguration section */
		55081A612B467AF800D71B31 /* Debug */ = {
			isa = XCBuildConfiguration;
			buildSettings = {
				ALWAYS_SEARCH_USER_PATHS = NO;
				ASSETCATALOG_COMPILER_GENERATE_SWIFT_ASSET_SYMBOL_EXTENSIONS = YES;
				CLANG_ANALYZER_NONNULL = YES;
				CLANG_ANALYZER_NUMBER_OBJECT_CONVERSION = YES_AGGRESSIVE;
				CLANG_CXX_LANGUAGE_STANDARD = "gnu++20";
				CLANG_ENABLE_MODULES = YES;
				CLANG_ENABLE_OBJC_ARC = YES;
				CLANG_ENABLE_OBJC_WEAK = YES;
				CLANG_WARN_BLOCK_CAPTURE_AUTORELEASING = YES;
				CLANG_WARN_BOOL_CONVERSION = YES;
				CLANG_WARN_COMMA = YES;
				CLANG_WARN_CONSTANT_CONVERSION = YES;
				CLANG_WARN_DEPRECATED_OBJC_IMPLEMENTATIONS = YES;
				CLANG_WARN_DIRECT_OBJC_ISA_USAGE = YES_ERROR;
				CLANG_WARN_DOCUMENTATION_COMMENTS = YES;
				CLANG_WARN_EMPTY_BODY = YES;
				CLANG_WARN_ENUM_CONVERSION = YES;
				CLANG_WARN_INFINITE_RECURSION = YES;
				CLANG_WARN_INT_CONVERSION = YES;
				CLANG_WARN_NON_LITERAL_NULL_CONVERSION = YES;
				CLANG_WARN_OBJC_IMPLICIT_RETAIN_SELF = YES;
				CLANG_WARN_OBJC_LITERAL_CONVERSION = YES;
				CLANG_WARN_OBJC_ROOT_CLASS = YES_ERROR;
				CLANG_WARN_QUOTED_INCLUDE_IN_FRAMEWORK_HEADER = YES;
				CLANG_WARN_RANGE_LOOP_ANALYSIS = YES;
				CLANG_WARN_STRICT_PROTOTYPES = YES;
				CLANG_WARN_SUSPICIOUS_MOVE = YES;
				CLANG_WARN_UNGUARDED_AVAILABILITY = YES_AGGRESSIVE;
				CLANG_WARN_UNREACHABLE_CODE = YES;
				CLANG_WARN__DUPLICATE_METHOD_MATCH = YES;
				COPY_PHASE_STRIP = NO;
				DEBUG_INFORMATION_FORMAT = dwarf;
				ENABLE_STRICT_OBJC_MSGSEND = YES;
				ENABLE_TESTABILITY = YES;
				ENABLE_USER_SCRIPT_SANDBOXING = YES;
				GCC_C_LANGUAGE_STANDARD = gnu17;
				GCC_DYNAMIC_NO_PIC = NO;
				GCC_NO_COMMON_BLOCKS = YES;
				GCC_OPTIMIZATION_LEVEL = 0;
				GCC_PREPROCESSOR_DEFINITIONS = (
					"DEBUG=1",
					"$(inherited)",
				);
				GCC_WARN_64_TO_32_BIT_CONVERSION = YES;
				GCC_WARN_ABOUT_RETURN_TYPE = YES_ERROR;
				GCC_WARN_UNDECLARED_SELECTOR = YES;
				GCC_WARN_UNINITIALIZED_AUTOS = YES_AGGRESSIVE;
				GCC_WARN_UNUSED_FUNCTION = YES;
				GCC_WARN_UNUSED_VARIABLE = YES;
				LOCALIZATION_PREFERS_STRING_CATALOGS = YES;
				MACOSX_DEPLOYMENT_TARGET = 14.0;
				MTL_ENABLE_DEBUG_INFO = INCLUDE_SOURCE;
				MTL_FAST_MATH = YES;
				ONLY_ACTIVE_ARCH = YES;
				SDKROOT = macosx;
				SWIFT_ACTIVE_COMPILATION_CONDITIONS = "DEBUG $(inherited)";
				SWIFT_OPTIMIZATION_LEVEL = "-Onone";
			};
			name = Debug;
		};
		55081A622B467AF800D71B31 /* Release */ = {
			isa = XCBuildConfiguration;
			buildSettings = {
				ALWAYS_SEARCH_USER_PATHS = NO;
				ASSETCATALOG_COMPILER_GENERATE_SWIFT_ASSET_SYMBOL_EXTENSIONS = YES;
				CLANG_ANALYZER_NONNULL = YES;
				CLANG_ANALYZER_NUMBER_OBJECT_CONVERSION = YES_AGGRESSIVE;
				CLANG_CXX_LANGUAGE_STANDARD = "gnu++20";
				CLANG_ENABLE_MODULES = YES;
				CLANG_ENABLE_OBJC_ARC = YES;
				CLANG_ENABLE_OBJC_WEAK = YES;
				CLANG_WARN_BLOCK_CAPTURE_AUTORELEASING = YES;
				CLANG_WARN_BOOL_CONVERSION = YES;
				CLANG_WARN_COMMA = YES;
				CLANG_WARN_CONSTANT_CONVERSION = YES;
				CLANG_WARN_DEPRECATED_OBJC_IMPLEMENTATIONS = YES;
				CLANG_WARN_DIRECT_OBJC_ISA_USAGE = YES_ERROR;
				CLANG_WARN_DOCUMENTATION_COMMENTS = YES;
				CLANG_WARN_EMPTY_BODY = YES;
				CLANG_WARN_ENUM_CONVERSION = YES;
				CLANG_WARN_INFINITE_RECURSION = YES;
				CLANG_WARN_INT_CONVERSION = YES;
				CLANG_WARN_NON_LITERAL_NULL_CONVERSION = YES;
				CLANG_WARN_OBJC_IMPLICIT_RETAIN_SELF = YES;
				CLANG_WARN_OBJC_LITERAL_CONVERSION = YES;
				CLANG_WARN_OBJC_ROOT_CLASS = YES_ERROR;
				CLANG_WARN_QUOTED_INCLUDE_IN_FRAMEWORK_HEADER = YES;
				CLANG_WARN_RANGE_LOOP_ANALYSIS = YES;
				CLANG_WARN_STRICT_PROTOTYPES = YES;
				CLANG_WARN_SUSPICIOUS_MOVE = YES;
				CLANG_WARN_UNGUARDED_AVAILABILITY = YES_AGGRESSIVE;
				CLANG_WARN_UNREACHABLE_CODE = YES;
				CLANG_WARN__DUPLICATE_METHOD_MATCH = YES;
				COPY_PHASE_STRIP = NO;
				DEBUG_INFORMATION_FORMAT = "dwarf-with-dsym";
				ENABLE_NS_ASSERTIONS = NO;
				ENABLE_STRICT_OBJC_MSGSEND = YES;
				ENABLE_USER_SCRIPT_SANDBOXING = YES;
				GCC_C_LANGUAGE_STANDARD = gnu17;
				GCC_NO_COMMON_BLOCKS = YES;
				GCC_WARN_64_TO_32_BIT_CONVERSION = YES;
				GCC_WARN_ABOUT_RETURN_TYPE = YES_ERROR;
				GCC_WARN_UNDECLARED_SELECTOR = YES;
				GCC_WARN_UNINITIALIZED_AUTOS = YES_AGGRESSIVE;
				GCC_WARN_UNUSED_FUNCTION = YES;
				GCC_WARN_UNUSED_VARIABLE = YES;
				LOCALIZATION_PREFERS_STRING_CATALOGS = YES;
				MACOSX_DEPLOYMENT_TARGET = 14.0;
				MTL_ENABLE_DEBUG_INFO = NO;
				MTL_FAST_MATH = YES;
				SDKROOT = macosx;
				SWIFT_COMPILATION_MODE = wholemodule;
			};
			name = Release;
		};
		55081A642B467AF800D71B31 /* Debug */ = {
			isa = XCBuildConfiguration;
			buildSettings = {
				CODE_SIGN_STYLE = Automatic;
				DEVELOPMENT_TEAM = VVZ8G92URG;
				ENABLE_HARDENED_RUNTIME = YES;
				PRODUCT_NAME = "$(TARGET_NAME)";
				SWIFT_VERSION = 5.0;
			};
			name = Debug;
		};
		55081A652B467AF800D71B31 /* Release */ = {
			isa = XCBuildConfiguration;
			buildSettings = {
				CODE_SIGN_STYLE = Automatic;
				DEVELOPMENT_TEAM = VVZ8G92URG;
				ENABLE_HARDENED_RUNTIME = YES;
				PRODUCT_NAME = "$(TARGET_NAME)";
				SWIFT_VERSION = 5.0;
			};
			name = Release;
		};
/* End XCBuildConfiguration section */

/* Begin XCConfigurationList section */
		55081A572B467AF800D71B31 /* Build configuration list for PBXProject "Dine" */ = {
			isa = XCConfigurationList;
			buildConfigurations = (
				55081A612B467AF800D71B31 /* Debug */,
				55081A622B467AF800D71B31 /* Release */,
			);
			defaultConfigurationIsVisible = 0;
			defaultConfigurationName = Release;
		};
		55081A632B467AF800D71B31 /* Build configuration list for PBXNativeTarget "Dine" */ = {
			isa = XCConfigurationList;
			buildConfigurations = (
				55081A642B467AF800D71B31 /* Debug */,
				55081A652B467AF800D71B31 /* Release */,
			);
			defaultConfigurationIsVisible = 0;
			defaultConfigurationName = Release;
		};
/* End XCConfigurationList section */
	};
	rootObject = 55081A542B467AF800D71B31 /* Project object */;
}
