// !$*UTF8*$!
{
	archiveVersion = 1;
	classes = {
	};
	objectVersion = 56;
	objects = {

/* Begin PBXBuildFile section */
		5501FB3E2B7E1AD900A8311B /* AuthenticationError.swift in Sources */ = {isa = PBXBuildFile; fileRef = 5501FB3D2B7E1AD900A8311B /* AuthenticationError.swift */; };
		55081A602B467AF800D71B31 /* main.swift in Sources */ = {isa = PBXBuildFile; fileRef = 55081A5F2B467AF800D71B31 /* main.swift */; };
		55081A6A2B467BF300D71B31 /* Restaurant.swift in Sources */ = {isa = PBXBuildFile; fileRef = 55081A692B467BF300D71B31 /* Restaurant.swift */; };
		55081A6C2B467C7000D71B31 /* Branch.swift in Sources */ = {isa = PBXBuildFile; fileRef = 55081A6B2B467C7000D71B31 /* Branch.swift */; };
		55081A6E2B467CF400D71B31 /* Person.swift in Sources */ = {isa = PBXBuildFile; fileRef = 55081A6D2B467CF400D71B31 /* Person.swift */; };
		55081A702B467D9D00D71B31 /* Employee.swift in Sources */ = {isa = PBXBuildFile; fileRef = 55081A6F2B467D9D00D71B31 /* Employee.swift */; };
		55081A722B46817E00D71B31 /* Account.swift in Sources */ = {isa = PBXBuildFile; fileRef = 55081A712B46817E00D71B31 /* Account.swift */; };
		55081A752B46877B00D71B31 /* Menu.swift in Sources */ = {isa = PBXBuildFile; fileRef = 55081A742B46877B00D71B31 /* Menu.swift */; };
		55081A772B4687DE00D71B31 /* MenuSection.swift in Sources */ = {isa = PBXBuildFile; fileRef = 55081A762B4687DE00D71B31 /* MenuSection.swift */; };
		55081A792B46881900D71B31 /* MenuItem.swift in Sources */ = {isa = PBXBuildFile; fileRef = 55081A782B46881900D71B31 /* MenuItem.swift */; };
		55081A7B2B46887900D71B31 /* MealItem.swift in Sources */ = {isa = PBXBuildFile; fileRef = 55081A7A2B46887900D71B31 /* MealItem.swift */; };
		55081A7D2B4688AD00D71B31 /* Meal.swift in Sources */ = {isa = PBXBuildFile; fileRef = 55081A7C2B4688AD00D71B31 /* Meal.swift */; };
		55081A7F2B468D1800D71B31 /* Address.swift in Sources */ = {isa = PBXBuildFile; fileRef = 55081A7E2B468D1800D71B31 /* Address.swift */; };
		55081A812B468DF300D71B31 /* Manager.swift in Sources */ = {isa = PBXBuildFile; fileRef = 55081A802B468DF300D71B31 /* Manager.swift */; };
		55081A832B468E3100D71B31 /* Chef.swift in Sources */ = {isa = PBXBuildFile; fileRef = 55081A822B468E3100D71B31 /* Chef.swift */; };
		55081A852B4690E900D71B31 /* Kitchen.swift in Sources */ = {isa = PBXBuildFile; fileRef = 55081A842B4690E900D71B31 /* Kitchen.swift */; };
		55081A872B46938F00D71B31 /* Order.swift in Sources */ = {isa = PBXBuildFile; fileRef = 55081A862B46938F00D71B31 /* Order.swift */; };
		55081A892B4694E000D71B31 /* WaitStaff.swift in Sources */ = {isa = PBXBuildFile; fileRef = 55081A882B4694E000D71B31 /* WaitStaff.swift */; };
		55081A952B46C14A00D71B31 /* UserManager.swift in Sources */ = {isa = PBXBuildFile; fileRef = 55081A942B46C14A00D71B31 /* UserManager.swift */; };
		5512D9FA2B875D1700E2CFCD /* FileIOError.swift in Sources */ = {isa = PBXBuildFile; fileRef = 5512D9F92B875D1700E2CFCD /* FileIOError.swift */; };
		551E9BDA2B6D2AB6003C57E3 /* Admin.swift in Sources */ = {isa = PBXBuildFile; fileRef = 551E9BD92B6D2AB6003C57E3 /* Admin.swift */; };
		551E9BDD2B720D88003C57E3 /* MenuConsoleView.swift in Sources */ = {isa = PBXBuildFile; fileRef = 551E9BDC2B720D88003C57E3 /* MenuConsoleView.swift */; };
		5522D2512BA1D15A00740AA8 /* DatabaseError.swift in Sources */ = {isa = PBXBuildFile; fileRef = 5522D2502BA1D15A00740AA8 /* DatabaseError.swift */; };
		5522D2562BA2BA9100740AA8 /* SQLiteDatabase.swift in Sources */ = {isa = PBXBuildFile; fileRef = 5522D2552BA2BA9100740AA8 /* SQLiteDatabase.swift */; };
		5522D2582BA2BC9A00740AA8 /* SQLiteError.swift in Sources */ = {isa = PBXBuildFile; fileRef = 5522D2572BA2BC9A00740AA8 /* SQLiteError.swift */; };
		5522D25A2BA42CE300740AA8 /* SQLiteDataAccess.swift in Sources */ = {isa = PBXBuildFile; fileRef = 5522D2592BA42CE300740AA8 /* SQLiteDataAccess.swift */; };
		55236CC62B97619E00D04A9D /* AssociationManager.swift in Sources */ = {isa = PBXBuildFile; fileRef = 55236CC52B97619E00D04A9D /* AssociationManager.swift */; };
		55236CCC2B9851CE00D04A9D /* String+OrderFormatting.swift in Sources */ = {isa = PBXBuildFile; fileRef = 55236CCB2B9851CE00D04A9D /* String+OrderFormatting.swift */; };
		55236CCE2B98981D00D04A9D /* InMemoryDAO.swift in Sources */ = {isa = PBXBuildFile; fileRef = 55236CCD2B98981D00D04A9D /* InMemoryDAO.swift */; };
		55236CD32B99D6F400D04A9D /* MenuParser.swift in Sources */ = {isa = PBXBuildFile; fileRef = 55236CD22B99D6F400D04A9D /* MenuParser.swift */; };
		55236CD72B99D72A00D04A9D /* TableParser.swift in Sources */ = {isa = PBXBuildFile; fileRef = 55236CD62B99D72A00D04A9D /* TableParser.swift */; };
		55236CD92B99D73D00D04A9D /* BillParser.swift in Sources */ = {isa = PBXBuildFile; fileRef = 55236CD82B99D73D00D04A9D /* BillParser.swift */; };
		55236CDB2B99D75900D04A9D /* OrderParser.swift in Sources */ = {isa = PBXBuildFile; fileRef = 55236CDA2B99D75900D04A9D /* OrderParser.swift */; };
		55236CDD2B99D78B00D04A9D /* CSVParcable.swift in Sources */ = {isa = PBXBuildFile; fileRef = 55236CDC2B99D78B00D04A9D /* CSVParcable.swift */; };
		55236CDF2B99D8DD00D04A9D /* Parsable.swift in Sources */ = {isa = PBXBuildFile; fileRef = 55236CDE2B99D8DD00D04A9D /* Parsable.swift */; };
		55236CE32B99F86100D04A9D /* CSVDataAccessObject.swift in Sources */ = {isa = PBXBuildFile; fileRef = 55236CE22B99F86100D04A9D /* CSVDataAccessObject.swift */; };
		553BA4902B67A5B300B2F7E3 /* BillingController.swift in Sources */ = {isa = PBXBuildFile; fileRef = 553BA48F2B67A5B300B2F7E3 /* BillingController.swift */; };
		553BA4922B67A5BE00B2F7E3 /* BillingConsoleView.swift in Sources */ = {isa = PBXBuildFile; fileRef = 553BA4912B67A5BE00B2F7E3 /* BillingConsoleView.swift */; };
		553BA4972B67DA1400B2F7E3 /* OrderManager.swift in Sources */ = {isa = PBXBuildFile; fileRef = 553BA4962B67DA1400B2F7E3 /* OrderManager.swift */; };
		553BA49A2B68DB2800B2F7E3 /* TableManager.swift in Sources */ = {isa = PBXBuildFile; fileRef = 553BA4992B68DB2800B2F7E3 /* TableManager.swift */; };
		553BA49E2B69018800B2F7E3 /* Bill.swift in Sources */ = {isa = PBXBuildFile; fileRef = 553BA49D2B69018800B2F7E3 /* Bill.swift */; };
		553BA4A12B69293400B2F7E3 /* UpdateStatusConsoleView.swift in Sources */ = {isa = PBXBuildFile; fileRef = 553BA4A02B69293400B2F7E3 /* UpdateStatusConsoleView.swift */; };
		553BA4A32B6A3B0100B2F7E3 /* UpdateStatusController.swift in Sources */ = {isa = PBXBuildFile; fileRef = 553BA4A22B6A3B0100B2F7E3 /* UpdateStatusController.swift */; };
		553BA4A62B6B73FC00B2F7E3 /* BillManager.swift in Sources */ = {isa = PBXBuildFile; fileRef = 553BA4A52B6B73FC00B2F7E3 /* BillManager.swift */; };
		554396492B5168F8004D08ED /* FileIOService.swift in Sources */ = {isa = PBXBuildFile; fileRef = 554396482B5168F8004D08ED /* FileIOService.swift */; };
		554396522B58FECD004D08ED /* ModelJSONSerializer.swift in Sources */ = {isa = PBXBuildFile; fileRef = 554396512B58FECD004D08ED /* ModelJSONSerializer.swift */; };
		5543965E2B5A9976004D08ED /* ConsoleView.swift in Sources */ = {isa = PBXBuildFile; fileRef = 5543965D2B5A9976004D08ED /* ConsoleView.swift */; };
		554396632B5A9C40004D08ED /* ConsolePrinter.swift in Sources */ = {isa = PBXBuildFile; fileRef = 554396622B5A9C40004D08ED /* ConsolePrinter.swift */; };
		554396672B5AAD31004D08ED /* CommandLineInputHandler.swift in Sources */ = {isa = PBXBuildFile; fileRef = 554396662B5AAD31004D08ED /* CommandLineInputHandler.swift */; };
		5545DAAE2B4EBD00007D31B6 /* AuthController.swift in Sources */ = {isa = PBXBuildFile; fileRef = 5545DAAD2B4EBD00007D31B6 /* AuthController.swift */; };
		5545DABC2B5021B7007D31B6 /* RestaurantMenu.swift in Sources */ = {isa = PBXBuildFile; fileRef = 5545DABB2B5021B7007D31B6 /* RestaurantMenu.swift */; };
		5545DAC22B502C50007D31B6 /* FoodItem.swift in Sources */ = {isa = PBXBuildFile; fileRef = 5545DAC12B502C50007D31B6 /* FoodItem.swift */; };
		55636DCB2B8DDC7F00B2CDA6 /* String+DateExtension.swift in Sources */ = {isa = PBXBuildFile; fileRef = 55636DCA2B8DDC7F00B2CDA6 /* String+DateExtension.swift */; };
		55636DCF2B8DF2DB00B2CDA6 /* Filename.swift in Sources */ = {isa = PBXBuildFile; fileRef = 55636DCE2B8DF2DB00B2CDA6 /* Filename.swift */; };
		55636DD12B8E0BF000B2CDA6 /* UserRouter.swift in Sources */ = {isa = PBXBuildFile; fileRef = 55636DD02B8E0BF000B2CDA6 /* UserRouter.swift */; };
		55636DD42B8E0FF300B2CDA6 /* ManagerConsoleView.swift in Sources */ = {isa = PBXBuildFile; fileRef = 55636DD32B8E0FF300B2CDA6 /* ManagerConsoleView.swift */; };
		55636DD72B8E140B00B2CDA6 /* KitchenStaffConsoleView.swift in Sources */ = {isa = PBXBuildFile; fileRef = 55636DD62B8E140B00B2CDA6 /* KitchenStaffConsoleView.swift */; };
		55636DDE2B8E164500B2CDA6 /* WaitStaffConsoleView.swift in Sources */ = {isa = PBXBuildFile; fileRef = 55636DDD2B8E164500B2CDA6 /* WaitStaffConsoleView.swift */; };
		55636DE42B8F414100B2CDA6 /* UserStore.swift in Sources */ = {isa = PBXBuildFile; fileRef = 55636DE32B8F414100B2CDA6 /* UserStore.swift */; };
		55636DED2B91AE0100B2CDA6 /* AccountConsoleView.swift in Sources */ = {isa = PBXBuildFile; fileRef = 55636DEC2B91AE0100B2CDA6 /* AccountConsoleView.swift */; };
		557D5E892B5FA63D00A402D3 /* RestaurantController.swift in Sources */ = {isa = PBXBuildFile; fileRef = 557D5E882B5FA63D00A402D3 /* RestaurantController.swift */; };
		557D5E8C2B5FC06F00A402D3 /* AdminConsoleView.swift in Sources */ = {isa = PBXBuildFile; fileRef = 557D5E8B2B5FC06F00A402D3 /* AdminConsoleView.swift */; };
		557D5E8F2B5FC0F100A402D3 /* AdminController.swift in Sources */ = {isa = PBXBuildFile; fileRef = 557D5E8E2B5FC0F100A402D3 /* AdminController.swift */; };
		557D5E922B5FD6DD00A402D3 /* AuthConsoleView.swift in Sources */ = {isa = PBXBuildFile; fileRef = 557D5E912B5FD6DD00A402D3 /* AuthConsoleView.swift */; };
		557D5E942B5FE69100A402D3 /* RestaurantSetupConsoleView.swift in Sources */ = {isa = PBXBuildFile; fileRef = 557D5E932B5FE69100A402D3 /* RestaurantSetupConsoleView.swift */; };
		55881AC82B7A242000422051 /* TableConsoleView.swift in Sources */ = {isa = PBXBuildFile; fileRef = 55881AC72B7A242000422051 /* TableConsoleView.swift */; };
		55881ACB2B7A246C00422051 /* TableController.swift in Sources */ = {isa = PBXBuildFile; fileRef = 55881ACA2B7A246C00422051 /* TableController.swift */; };
		558B05BF2B74AAE5009159BA /* RestaurantSetupController.swift in Sources */ = {isa = PBXBuildFile; fileRef = 558B05BE2B74AAE5009159BA /* RestaurantSetupController.swift */; };
		558B05C52B74E86B009159BA /* UserRepository.swift in Sources */ = {isa = PBXBuildFile; fileRef = 558B05C42B74E86B009159BA /* UserRepository.swift */; };
		558B05C72B74E9D6009159BA /* InMemoryUserRepository.swift in Sources */ = {isa = PBXBuildFile; fileRef = 558B05C62B74E9D6009159BA /* InMemoryUserRepository.swift */; };
		55A65C952B60EC7600776D03 /* LoginConsoleView.swift in Sources */ = {isa = PBXBuildFile; fileRef = 55A65C942B60EC7600776D03 /* LoginConsoleView.swift */; };
		55A65C982B61108F00776D03 /* OrderController.swift in Sources */ = {isa = PBXBuildFile; fileRef = 55A65C972B61108F00776D03 /* OrderController.swift */; };
		55A65C9B2B613AD300776D03 /* MenuController.swift in Sources */ = {isa = PBXBuildFile; fileRef = 55A65C9A2B613AD300776D03 /* MenuController.swift */; };
		55A65C9E2B62375300776D03 /* HomeConsoleView.swift in Sources */ = {isa = PBXBuildFile; fileRef = 55A65C9D2B62375300776D03 /* HomeConsoleView.swift */; };
		55A65CA02B623AC400776D03 /* RestaurantTable.swift in Sources */ = {isa = PBXBuildFile; fileRef = 55A65C9F2B623AC400776D03 /* RestaurantTable.swift */; };
		55A65CA52B6246C500776D03 /* OrderConsoleView.swift in Sources */ = {isa = PBXBuildFile; fileRef = 55A65CA42B6246C500776D03 /* OrderConsoleView.swift */; };
		55A7836F2B4BFD0E00E20DF9 /* EditAccountController.swift in Sources */ = {isa = PBXBuildFile; fileRef = 55A7836E2B4BFD0E00E20DF9 /* EditAccountController.swift */; };
		55A783732B4C009000E20DF9 /* AuthenticationValidator.swift in Sources */ = {isa = PBXBuildFile; fileRef = 55A783722B4C009000E20DF9 /* AuthenticationValidator.swift */; };
		55C5F7202BB3E8FC0012B8C2 /* DatabaseService.swift in Sources */ = {isa = PBXBuildFile; fileRef = 55C5F71F2BB3E8FC0012B8C2 /* DatabaseService.swift */; };
		55C5F7242BB4031B0012B8C2 /* CustomNotifications.swift in Sources */ = {isa = PBXBuildFile; fileRef = 55C5F7232BB4031B0012B8C2 /* CustomNotifications.swift */; };
		55C5F7262BB4804D0012B8C2 /* MenuService.swift in Sources */ = {isa = PBXBuildFile; fileRef = 55C5F7252BB4804D0012B8C2 /* MenuService.swift */; };
		55C5F7282BB480B10012B8C2 /* AccountService.swift in Sources */ = {isa = PBXBuildFile; fileRef = 55C5F7272BB480B10012B8C2 /* AccountService.swift */; };
		55D47AF12BAC3FAA00DBEC12 /* OrderItem.swift in Sources */ = {isa = PBXBuildFile; fileRef = 55D47AF02BAC3FAA00DBEC12 /* OrderItem.swift */; };
		55D9E4712B88746D00780B4F /* CSVWritable.swift in Sources */ = {isa = PBXBuildFile; fileRef = 55D9E4702B88746D00780B4F /* CSVWritable.swift */; };
		55D9E4732B88748D00780B4F /* CSVWriter.swift in Sources */ = {isa = PBXBuildFile; fileRef = 55D9E4722B88748D00780B4F /* CSVWriter.swift */; };
		55D9E4782B8892B000780B4F /* CSVReader.swift in Sources */ = {isa = PBXBuildFile; fileRef = 55D9E4772B8892B000780B4F /* CSVReader.swift */; };
		55D9E47C2B88B60600780B4F /* CSVParseError.swift in Sources */ = {isa = PBXBuildFile; fileRef = 55D9E47B2B88B60600780B4F /* CSVParseError.swift */; };
		55D9E47E2B8C704D00780B4F /* UserStatus.swift in Sources */ = {isa = PBXBuildFile; fileRef = 55D9E47D2B8C704D00780B4F /* UserStatus.swift */; };
		55DB06FA2BB1D363009A28B0 /* DefaultSetupService.swift in Sources */ = {isa = PBXBuildFile; fileRef = 55DB06F92BB1D363009A28B0 /* DefaultSetupService.swift */; };
		55DB06FD2BB29641009A28B0 /* DataService.swift in Sources */ = {isa = PBXBuildFile; fileRef = 55DB06FC2BB29641009A28B0 /* DataService.swift */; };
		55DB06FF2BB297A4009A28B0 /* TableService.swift in Sources */ = {isa = PBXBuildFile; fileRef = 55DB06FE2BB297A4009A28B0 /* TableService.swift */; };
		55DB07012BB2ACA1009A28B0 /* OrderItemDSO.swift in Sources */ = {isa = PBXBuildFile; fileRef = 55DB07002BB2ACA1009A28B0 /* OrderItemDSO.swift */; };
		55DB07042BB2B1C8009A28B0 /* OrderService.swift in Sources */ = {isa = PBXBuildFile; fileRef = 55DB07032BB2B1C8009A28B0 /* OrderService.swift */; };
		55DB07062BB2C503009A28B0 /* BillService.swift in Sources */ = {isa = PBXBuildFile; fileRef = 55DB07052BB2C503009A28B0 /* BillService.swift */; };
		55F2DDBA2BA84E6900D527C4 /* AuthorizationController.swift in Sources */ = {isa = PBXBuildFile; fileRef = 55F2DDB92BA84E6900D527C4 /* AuthorizationController.swift */; };
		55F2DDBC2BA9728300D527C4 /* Query.swift in Sources */ = {isa = PBXBuildFile; fileRef = 55F2DDBB2BA9728300D527C4 /* Query.swift */; };
		55F2DDC32BA9916D00D527C4 /* DatabaseParsable.swift in Sources */ = {isa = PBXBuildFile; fileRef = 55F2DDC22BA9916D00D527C4 /* DatabaseParsable.swift */; };
		55F2DDC72BAAB9ED00D527C4 /* DatabaseTables.swift in Sources */ = {isa = PBXBuildFile; fileRef = 55F2DDC62BAAB9ED00D527C4 /* DatabaseTables.swift */; };
		55FE85052B95D8F900E7E78B /* OrderItemAssociation.swift in Sources */ = {isa = PBXBuildFile; fileRef = 55FE85042B95D8F800E7E78B /* OrderItemAssociation.swift */; };
		55FE85082B96EC2A00E7E78B /* DataAccessObject.swift in Sources */ = {isa = PBXBuildFile; fileRef = 55FE85072B96EC2A00E7E78B /* DataAccessObject.swift */; };
/* End PBXBuildFile section */

/* Begin PBXCopyFilesBuildPhase section */
		55081A5A2B467AF800D71B31 /* CopyFiles */ = {
			isa = PBXCopyFilesBuildPhase;
			buildActionMask = 2147483647;
			dstPath = /usr/share/man/man1/;
			dstSubfolderSpec = 0;
			files = (
			);
			runOnlyForDeploymentPostprocessing = 1;
		};
/* End PBXCopyFilesBuildPhase section */

/* Begin PBXFileReference section */
		5501FB3D2B7E1AD900A8311B /* AuthenticationError.swift */ = {isa = PBXFileReference; lastKnownFileType = sourcecode.swift; path = AuthenticationError.swift; sourceTree = "<group>"; };
		55081A5C2B467AF800D71B31 /* Dine */ = {isa = PBXFileReference; explicitFileType = "compiled.mach-o.executable"; includeInIndex = 0; path = Dine; sourceTree = BUILT_PRODUCTS_DIR; };
		55081A5F2B467AF800D71B31 /* main.swift */ = {isa = PBXFileReference; lastKnownFileType = sourcecode.swift; path = main.swift; sourceTree = "<group>"; };
		55081A692B467BF300D71B31 /* Restaurant.swift */ = {isa = PBXFileReference; lastKnownFileType = sourcecode.swift; path = Restaurant.swift; sourceTree = "<group>"; };
		55081A6B2B467C7000D71B31 /* Branch.swift */ = {isa = PBXFileReference; lastKnownFileType = sourcecode.swift; path = Branch.swift; sourceTree = "<group>"; };
		55081A6D2B467CF400D71B31 /* Person.swift */ = {isa = PBXFileReference; lastKnownFileType = sourcecode.swift; path = Person.swift; sourceTree = "<group>"; };
		55081A6F2B467D9D00D71B31 /* Employee.swift */ = {isa = PBXFileReference; lastKnownFileType = sourcecode.swift; path = Employee.swift; sourceTree = "<group>"; };
		55081A712B46817E00D71B31 /* Account.swift */ = {isa = PBXFileReference; lastKnownFileType = sourcecode.swift; path = Account.swift; sourceTree = "<group>"; };
		55081A742B46877B00D71B31 /* Menu.swift */ = {isa = PBXFileReference; lastKnownFileType = sourcecode.swift; path = Menu.swift; sourceTree = "<group>"; };
		55081A762B4687DE00D71B31 /* MenuSection.swift */ = {isa = PBXFileReference; lastKnownFileType = sourcecode.swift; path = MenuSection.swift; sourceTree = "<group>"; };
		55081A782B46881900D71B31 /* MenuItem.swift */ = {isa = PBXFileReference; lastKnownFileType = sourcecode.swift; path = MenuItem.swift; sourceTree = "<group>"; };
		55081A7A2B46887900D71B31 /* MealItem.swift */ = {isa = PBXFileReference; lastKnownFileType = sourcecode.swift; path = MealItem.swift; sourceTree = "<group>"; };
		55081A7C2B4688AD00D71B31 /* Meal.swift */ = {isa = PBXFileReference; lastKnownFileType = sourcecode.swift; path = Meal.swift; sourceTree = "<group>"; };
		55081A7E2B468D1800D71B31 /* Address.swift */ = {isa = PBXFileReference; lastKnownFileType = sourcecode.swift; path = Address.swift; sourceTree = "<group>"; };
		55081A802B468DF300D71B31 /* Manager.swift */ = {isa = PBXFileReference; lastKnownFileType = sourcecode.swift; path = Manager.swift; sourceTree = "<group>"; };
		55081A822B468E3100D71B31 /* Chef.swift */ = {isa = PBXFileReference; lastKnownFileType = sourcecode.swift; path = Chef.swift; sourceTree = "<group>"; };
		55081A842B4690E900D71B31 /* Kitchen.swift */ = {isa = PBXFileReference; lastKnownFileType = sourcecode.swift; path = Kitchen.swift; sourceTree = "<group>"; };
		55081A862B46938F00D71B31 /* Order.swift */ = {isa = PBXFileReference; lastKnownFileType = sourcecode.swift; path = Order.swift; sourceTree = "<group>"; };
		55081A882B4694E000D71B31 /* WaitStaff.swift */ = {isa = PBXFileReference; lastKnownFileType = sourcecode.swift; path = WaitStaff.swift; sourceTree = "<group>"; };
		55081A942B46C14A00D71B31 /* UserManager.swift */ = {isa = PBXFileReference; lastKnownFileType = sourcecode.swift; path = UserManager.swift; sourceTree = "<group>"; };
		5512D9F92B875D1700E2CFCD /* FileIOError.swift */ = {isa = PBXFileReference; lastKnownFileType = sourcecode.swift; path = FileIOError.swift; sourceTree = "<group>"; };
		551E9BD92B6D2AB6003C57E3 /* Admin.swift */ = {isa = PBXFileReference; lastKnownFileType = sourcecode.swift; path = Admin.swift; sourceTree = "<group>"; };
		551E9BDC2B720D88003C57E3 /* MenuConsoleView.swift */ = {isa = PBXFileReference; lastKnownFileType = sourcecode.swift; path = MenuConsoleView.swift; sourceTree = "<group>"; };
		5522D2502BA1D15A00740AA8 /* DatabaseError.swift */ = {isa = PBXFileReference; lastKnownFileType = sourcecode.swift; path = DatabaseError.swift; sourceTree = "<group>"; };
		5522D2552BA2BA9100740AA8 /* SQLiteDatabase.swift */ = {isa = PBXFileReference; lastKnownFileType = sourcecode.swift; path = SQLiteDatabase.swift; sourceTree = "<group>"; };
		5522D2572BA2BC9A00740AA8 /* SQLiteError.swift */ = {isa = PBXFileReference; lastKnownFileType = sourcecode.swift; path = SQLiteError.swift; sourceTree = "<group>"; };
		5522D2592BA42CE300740AA8 /* SQLiteDataAccess.swift */ = {isa = PBXFileReference; lastKnownFileType = sourcecode.swift; path = SQLiteDataAccess.swift; sourceTree = "<group>"; };
		55236CC52B97619E00D04A9D /* AssociationManager.swift */ = {isa = PBXFileReference; lastKnownFileType = sourcecode.swift; path = AssociationManager.swift; sourceTree = "<group>"; };
		55236CCB2B9851CE00D04A9D /* String+OrderFormatting.swift */ = {isa = PBXFileReference; lastKnownFileType = sourcecode.swift; path = "String+OrderFormatting.swift"; sourceTree = "<group>"; };
		55236CCD2B98981D00D04A9D /* InMemoryDAO.swift */ = {isa = PBXFileReference; lastKnownFileType = sourcecode.swift; path = InMemoryDAO.swift; sourceTree = "<group>"; };
		55236CD22B99D6F400D04A9D /* MenuParser.swift */ = {isa = PBXFileReference; lastKnownFileType = sourcecode.swift; path = MenuParser.swift; sourceTree = "<group>"; };
		55236CD62B99D72A00D04A9D /* TableParser.swift */ = {isa = PBXFileReference; lastKnownFileType = sourcecode.swift; path = TableParser.swift; sourceTree = "<group>"; };
		55236CD82B99D73D00D04A9D /* BillParser.swift */ = {isa = PBXFileReference; lastKnownFileType = sourcecode.swift; path = BillParser.swift; sourceTree = "<group>"; };
		55236CDA2B99D75900D04A9D /* OrderParser.swift */ = {isa = PBXFileReference; lastKnownFileType = sourcecode.swift; path = OrderParser.swift; sourceTree = "<group>"; };
		55236CDC2B99D78B00D04A9D /* CSVParcable.swift */ = {isa = PBXFileReference; lastKnownFileType = sourcecode.swift; path = CSVParcable.swift; sourceTree = "<group>"; };
		55236CDE2B99D8DD00D04A9D /* Parsable.swift */ = {isa = PBXFileReference; lastKnownFileType = sourcecode.swift; path = Parsable.swift; sourceTree = "<group>"; };
		55236CE22B99F86100D04A9D /* CSVDataAccessObject.swift */ = {isa = PBXFileReference; lastKnownFileType = sourcecode.swift; path = CSVDataAccessObject.swift; sourceTree = "<group>"; };
		553BA48F2B67A5B300B2F7E3 /* BillingController.swift */ = {isa = PBXFileReference; lastKnownFileType = sourcecode.swift; path = BillingController.swift; sourceTree = "<group>"; };
		553BA4912B67A5BE00B2F7E3 /* BillingConsoleView.swift */ = {isa = PBXFileReference; lastKnownFileType = sourcecode.swift; path = BillingConsoleView.swift; sourceTree = "<group>"; };
		553BA4962B67DA1400B2F7E3 /* OrderManager.swift */ = {isa = PBXFileReference; lastKnownFileType = sourcecode.swift; path = OrderManager.swift; sourceTree = "<group>"; };
		553BA4992B68DB2800B2F7E3 /* TableManager.swift */ = {isa = PBXFileReference; lastKnownFileType = sourcecode.swift; path = TableManager.swift; sourceTree = "<group>"; };
		553BA49D2B69018800B2F7E3 /* Bill.swift */ = {isa = PBXFileReference; lastKnownFileType = sourcecode.swift; path = Bill.swift; sourceTree = "<group>"; };
		553BA4A02B69293400B2F7E3 /* UpdateStatusConsoleView.swift */ = {isa = PBXFileReference; lastKnownFileType = sourcecode.swift; path = UpdateStatusConsoleView.swift; sourceTree = "<group>"; };
		553BA4A22B6A3B0100B2F7E3 /* UpdateStatusController.swift */ = {isa = PBXFileReference; lastKnownFileType = sourcecode.swift; path = UpdateStatusController.swift; sourceTree = "<group>"; };
		553BA4A52B6B73FC00B2F7E3 /* BillManager.swift */ = {isa = PBXFileReference; lastKnownFileType = sourcecode.swift; path = BillManager.swift; sourceTree = "<group>"; };
		554396482B5168F8004D08ED /* FileIOService.swift */ = {isa = PBXFileReference; lastKnownFileType = sourcecode.swift; path = FileIOService.swift; sourceTree = "<group>"; };
		554396512B58FECD004D08ED /* ModelJSONSerializer.swift */ = {isa = PBXFileReference; lastKnownFileType = sourcecode.swift; path = ModelJSONSerializer.swift; sourceTree = "<group>"; };
		5543965D2B5A9976004D08ED /* ConsoleView.swift */ = {isa = PBXFileReference; lastKnownFileType = sourcecode.swift; path = ConsoleView.swift; sourceTree = "<group>"; };
		554396622B5A9C40004D08ED /* ConsolePrinter.swift */ = {isa = PBXFileReference; lastKnownFileType = sourcecode.swift; path = ConsolePrinter.swift; sourceTree = "<group>"; };
		554396662B5AAD31004D08ED /* CommandLineInputHandler.swift */ = {isa = PBXFileReference; lastKnownFileType = sourcecode.swift; path = CommandLineInputHandler.swift; sourceTree = "<group>"; };
		5545DAAD2B4EBD00007D31B6 /* AuthController.swift */ = {isa = PBXFileReference; lastKnownFileType = sourcecode.swift; path = AuthController.swift; sourceTree = "<group>"; };
		5545DABB2B5021B7007D31B6 /* RestaurantMenu.swift */ = {isa = PBXFileReference; lastKnownFileType = sourcecode.swift; path = RestaurantMenu.swift; sourceTree = "<group>"; };
		5545DAC12B502C50007D31B6 /* FoodItem.swift */ = {isa = PBXFileReference; lastKnownFileType = sourcecode.swift; path = FoodItem.swift; sourceTree = "<group>"; };
		55636DCA2B8DDC7F00B2CDA6 /* String+DateExtension.swift */ = {isa = PBXFileReference; lastKnownFileType = sourcecode.swift; path = "String+DateExtension.swift"; sourceTree = "<group>"; };
		55636DCE2B8DF2DB00B2CDA6 /* Filename.swift */ = {isa = PBXFileReference; lastKnownFileType = sourcecode.swift; path = Filename.swift; sourceTree = "<group>"; };
		55636DD02B8E0BF000B2CDA6 /* UserRouter.swift */ = {isa = PBXFileReference; lastKnownFileType = sourcecode.swift; path = UserRouter.swift; sourceTree = "<group>"; };
		55636DD32B8E0FF300B2CDA6 /* ManagerConsoleView.swift */ = {isa = PBXFileReference; lastKnownFileType = sourcecode.swift; path = ManagerConsoleView.swift; sourceTree = "<group>"; };
		55636DD62B8E140B00B2CDA6 /* KitchenStaffConsoleView.swift */ = {isa = PBXFileReference; lastKnownFileType = sourcecode.swift; path = KitchenStaffConsoleView.swift; sourceTree = "<group>"; };
		55636DDD2B8E164500B2CDA6 /* WaitStaffConsoleView.swift */ = {isa = PBXFileReference; lastKnownFileType = sourcecode.swift; path = WaitStaffConsoleView.swift; sourceTree = "<group>"; };
		55636DE32B8F414100B2CDA6 /* UserStore.swift */ = {isa = PBXFileReference; lastKnownFileType = sourcecode.swift; path = UserStore.swift; sourceTree = "<group>"; };
		55636DEC2B91AE0100B2CDA6 /* AccountConsoleView.swift */ = {isa = PBXFileReference; lastKnownFileType = sourcecode.swift; path = AccountConsoleView.swift; sourceTree = "<group>"; };
		557D5E882B5FA63D00A402D3 /* RestaurantController.swift */ = {isa = PBXFileReference; lastKnownFileType = sourcecode.swift; path = RestaurantController.swift; sourceTree = "<group>"; };
		557D5E8B2B5FC06F00A402D3 /* AdminConsoleView.swift */ = {isa = PBXFileReference; lastKnownFileType = sourcecode.swift; path = AdminConsoleView.swift; sourceTree = "<group>"; };
		557D5E8E2B5FC0F100A402D3 /* AdminController.swift */ = {isa = PBXFileReference; lastKnownFileType = sourcecode.swift; path = AdminController.swift; sourceTree = "<group>"; };
		557D5E912B5FD6DD00A402D3 /* AuthConsoleView.swift */ = {isa = PBXFileReference; lastKnownFileType = sourcecode.swift; path = AuthConsoleView.swift; sourceTree = "<group>"; };
		557D5E932B5FE69100A402D3 /* RestaurantSetupConsoleView.swift */ = {isa = PBXFileReference; lastKnownFileType = sourcecode.swift; path = RestaurantSetupConsoleView.swift; sourceTree = "<group>"; };
		55881AC72B7A242000422051 /* TableConsoleView.swift */ = {isa = PBXFileReference; lastKnownFileType = sourcecode.swift; path = TableConsoleView.swift; sourceTree = "<group>"; };
		55881ACA2B7A246C00422051 /* TableController.swift */ = {isa = PBXFileReference; lastKnownFileType = sourcecode.swift; path = TableController.swift; sourceTree = "<group>"; };
		558B05BE2B74AAE5009159BA /* RestaurantSetupController.swift */ = {isa = PBXFileReference; lastKnownFileType = sourcecode.swift; path = RestaurantSetupController.swift; sourceTree = "<group>"; };
		558B05C42B74E86B009159BA /* UserRepository.swift */ = {isa = PBXFileReference; lastKnownFileType = sourcecode.swift; path = UserRepository.swift; sourceTree = "<group>"; };
		558B05C62B74E9D6009159BA /* InMemoryUserRepository.swift */ = {isa = PBXFileReference; lastKnownFileType = sourcecode.swift; path = InMemoryUserRepository.swift; sourceTree = "<group>"; };
		55A65C942B60EC7600776D03 /* LoginConsoleView.swift */ = {isa = PBXFileReference; lastKnownFileType = sourcecode.swift; path = LoginConsoleView.swift; sourceTree = "<group>"; };
		55A65C972B61108F00776D03 /* OrderController.swift */ = {isa = PBXFileReference; lastKnownFileType = sourcecode.swift; path = OrderController.swift; sourceTree = "<group>"; };
		55A65C9A2B613AD300776D03 /* MenuController.swift */ = {isa = PBXFileReference; lastKnownFileType = sourcecode.swift; path = MenuController.swift; sourceTree = "<group>"; };
		55A65C9D2B62375300776D03 /* HomeConsoleView.swift */ = {isa = PBXFileReference; lastKnownFileType = sourcecode.swift; path = HomeConsoleView.swift; sourceTree = "<group>"; };
		55A65C9F2B623AC400776D03 /* RestaurantTable.swift */ = {isa = PBXFileReference; lastKnownFileType = sourcecode.swift; path = RestaurantTable.swift; sourceTree = "<group>"; };
		55A65CA42B6246C500776D03 /* OrderConsoleView.swift */ = {isa = PBXFileReference; lastKnownFileType = sourcecode.swift; path = OrderConsoleView.swift; sourceTree = "<group>"; };
		55A7836E2B4BFD0E00E20DF9 /* EditAccountController.swift */ = {isa = PBXFileReference; lastKnownFileType = sourcecode.swift; path = EditAccountController.swift; sourceTree = "<group>"; };
		55A783722B4C009000E20DF9 /* AuthenticationValidator.swift */ = {isa = PBXFileReference; lastKnownFileType = sourcecode.swift; path = AuthenticationValidator.swift; sourceTree = "<group>"; };
		55C5F71F2BB3E8FC0012B8C2 /* DatabaseService.swift */ = {isa = PBXFileReference; lastKnownFileType = sourcecode.swift; path = DatabaseService.swift; sourceTree = "<group>"; };
		55C5F7232BB4031B0012B8C2 /* CustomNotifications.swift */ = {isa = PBXFileReference; lastKnownFileType = sourcecode.swift; path = CustomNotifications.swift; sourceTree = "<group>"; };
		55C5F7252BB4804D0012B8C2 /* MenuService.swift */ = {isa = PBXFileReference; lastKnownFileType = sourcecode.swift; path = MenuService.swift; sourceTree = "<group>"; };
		55C5F7272BB480B10012B8C2 /* AccountService.swift */ = {isa = PBXFileReference; lastKnownFileType = sourcecode.swift; path = AccountService.swift; sourceTree = "<group>"; };
		55D47AF02BAC3FAA00DBEC12 /* OrderItem.swift */ = {isa = PBXFileReference; lastKnownFileType = sourcecode.swift; path = OrderItem.swift; sourceTree = "<group>"; };
		55D9E4702B88746D00780B4F /* CSVWritable.swift */ = {isa = PBXFileReference; lastKnownFileType = sourcecode.swift; path = CSVWritable.swift; sourceTree = "<group>"; };
		55D9E4722B88748D00780B4F /* CSVWriter.swift */ = {isa = PBXFileReference; lastKnownFileType = sourcecode.swift; path = CSVWriter.swift; sourceTree = "<group>"; };
		55D9E4772B8892B000780B4F /* CSVReader.swift */ = {isa = PBXFileReference; lastKnownFileType = sourcecode.swift; path = CSVReader.swift; sourceTree = "<group>"; };
		55D9E47B2B88B60600780B4F /* CSVParseError.swift */ = {isa = PBXFileReference; lastKnownFileType = sourcecode.swift; path = CSVParseError.swift; sourceTree = "<group>"; };
		55D9E47D2B8C704D00780B4F /* UserStatus.swift */ = {isa = PBXFileReference; lastKnownFileType = sourcecode.swift; path = UserStatus.swift; sourceTree = "<group>"; };
		55DB06F92BB1D363009A28B0 /* DefaultSetupService.swift */ = {isa = PBXFileReference; lastKnownFileType = sourcecode.swift; path = DefaultSetupService.swift; sourceTree = "<group>"; };
		55DB06FC2BB29641009A28B0 /* DataService.swift */ = {isa = PBXFileReference; lastKnownFileType = sourcecode.swift; path = DataService.swift; sourceTree = "<group>"; };
		55DB06FE2BB297A4009A28B0 /* TableService.swift */ = {isa = PBXFileReference; lastKnownFileType = sourcecode.swift; path = TableService.swift; sourceTree = "<group>"; };
		55DB07002BB2ACA1009A28B0 /* OrderItemDSO.swift */ = {isa = PBXFileReference; lastKnownFileType = sourcecode.swift; path = OrderItemDSO.swift; sourceTree = "<group>"; };
		55DB07032BB2B1C8009A28B0 /* OrderService.swift */ = {isa = PBXFileReference; lastKnownFileType = sourcecode.swift; path = OrderService.swift; sourceTree = "<group>"; };
		55DB07052BB2C503009A28B0 /* BillService.swift */ = {isa = PBXFileReference; lastKnownFileType = sourcecode.swift; path = BillService.swift; sourceTree = "<group>"; };
		55F2DDB92BA84E6900D527C4 /* AuthorizationController.swift */ = {isa = PBXFileReference; lastKnownFileType = sourcecode.swift; path = AuthorizationController.swift; sourceTree = "<group>"; };
		55F2DDBB2BA9728300D527C4 /* Query.swift */ = {isa = PBXFileReference; lastKnownFileType = sourcecode.swift; path = Query.swift; sourceTree = "<group>"; };
		55F2DDC22BA9916D00D527C4 /* DatabaseParsable.swift */ = {isa = PBXFileReference; lastKnownFileType = sourcecode.swift; path = DatabaseParsable.swift; sourceTree = "<group>"; };
		55F2DDC62BAAB9ED00D527C4 /* DatabaseTables.swift */ = {isa = PBXFileReference; lastKnownFileType = sourcecode.swift; path = DatabaseTables.swift; sourceTree = "<group>"; };
		55FE85042B95D8F800E7E78B /* OrderItemAssociation.swift */ = {isa = PBXFileReference; lastKnownFileType = sourcecode.swift; path = OrderItemAssociation.swift; sourceTree = "<group>"; };
		55FE85072B96EC2A00E7E78B /* DataAccessObject.swift */ = {isa = PBXFileReference; lastKnownFileType = sourcecode.swift; path = DataAccessObject.swift; sourceTree = "<group>"; };
/* End PBXFileReference section */

/* Begin PBXFrameworksBuildPhase section */
		55081A592B467AF800D71B31 /* Frameworks */ = {
			isa = PBXFrameworksBuildPhase;
			buildActionMask = 2147483647;
			files = (
			);
			runOnlyForDeploymentPostprocessing = 0;
		};
/* End PBXFrameworksBuildPhase section */

/* Begin PBXGroup section */
		5501FB3C2B7E1AC700A8311B /* Errors */ = {
			isa = PBXGroup;
			children = (
				5501FB3D2B7E1AD900A8311B /* AuthenticationError.swift */,
				5512D9F92B875D1700E2CFCD /* FileIOError.swift */,
				55D9E47B2B88B60600780B4F /* CSVParseError.swift */,
			);
			path = Errors;
			sourceTree = "<group>";
		};
		55081A532B467AF800D71B31 = {
			isa = PBXGroup;
			children = (
				55081A5E2B467AF800D71B31 /* Dine */,
				55081A5D2B467AF800D71B31 /* Products */,
			);
			sourceTree = "<group>";
		};
		55081A5D2B467AF800D71B31 /* Products */ = {
			isa = PBXGroup;
			children = (
				55081A5C2B467AF800D71B31 /* Dine */,
			);
			name = Products;
			sourceTree = "<group>";
		};
		55081A5E2B467AF800D71B31 /* Dine */ = {
			isa = PBXGroup;
			children = (
				55081A5F2B467AF800D71B31 /* main.swift */,
				55DB06F82BB1BCFD009A28B0 /* NonPersistance */,
				5522D24D2BA1849A00740AA8 /* Database */,
				55FE85062B96DFB300E7E78B /* DataAccessObject */,
				55D9E46E2B877D0100780B4F /* CSV */,
				5501FB3C2B7E1AC700A8311B /* Errors */,
				55C660902B6BBE8900E7FFFB /* Extension */,
				55081A662B467B0F00D71B31 /* Modal */,
				55081A672B467B1300D71B31 /* View */,
				55081A682B467B1700D71B31 /* Controller */,
				5545DAA22B4E77C4007D31B6 /* Utilities */,
				55DB06F92BB1D363009A28B0 /* DefaultSetupService.swift */,
				55C5F7232BB4031B0012B8C2 /* CustomNotifications.swift */,
			);
			path = Dine;
			sourceTree = "<group>";
		};
		55081A662B467B0F00D71B31 /* Modal */ = {
			isa = PBXGroup;
			children = (
				55DB07022BB2B1BA009A28B0 /* ModalLayer */,
				55DB06FB2BB29636009A28B0 /* Data */,
				55D47AEF2BAC3F8700DBEC12 /* DSO */,
				55FE85032B95D8DC00E7E78B /* CSVModal */,
				551E9BD82B6D2AAB003C57E3 /* Admin */,
				553BA49C2B69018100B2F7E3 /* Bill */,
				55081A8D2B46973400D71B31 /* Person */,
				55081A8C2B46972D00D71B31 /* Account */,
				55081A8B2B46972600D71B31 /* Order */,
				55081A8A2B4696F500D71B31 /* Restaurant */,
				55081A732B46877400D71B31 /* Menu */,
				55D9E47D2B8C704D00780B4F /* UserStatus.swift */,
				55636DCE2B8DF2DB00B2CDA6 /* Filename.swift */,
			);
			path = Modal;
			sourceTree = "<group>";
		};
		55081A672B467B1300D71B31 /* View */ = {
			isa = PBXGroup;
			children = (
				55636DEB2B91ADF100B2CDA6 /* Account */,
				55636DD82B8E161B00B2CDA6 /* WaitStaff */,
				55636DD52B8E13F600B2CDA6 /* KitchenStaff */,
				55636DD22B8E0FE200B2CDA6 /* Manager */,
				55881AC92B7A244900422051 /* Table */,
				551E9BDB2B720D79003C57E3 /* Menu */,
				553BA49F2B69291A00B2F7E3 /* Chef */,
				553BA48D2B67A59B00B2F7E3 /* Billing */,
				55A65CA12B6246AB00776D03 /* Order */,
				55A65C9C2B62374A00776D03 /* Home */,
				55A65C932B60EC5D00776D03 /* Login */,
				557D5E902B5FD6C500A402D3 /* Authorization */,
				557D5E8A2B5FC05F00A402D3 /* Admin */,
				557D5E852B5FA58800A402D3 /* Setup */,
				554396612B5A9C1A004D08ED /* ViewProtocols */,
			);
			path = View;
			sourceTree = "<group>";
		};
		55081A682B467B1700D71B31 /* Controller */ = {
			isa = PBXGroup;
			children = (
				553BA4982B68DB1F00B2F7E3 /* Table */,
				553BA4932B67C0C400B2F7E3 /* Chef */,
				553BA48E2B67A5A100B2F7E3 /* Billing */,
				55A65C992B613ABC00776D03 /* Menu */,
				55A65C962B61107E00776D03 /* Order */,
				557D5E8D2B5FC0E700A402D3 /* Admin */,
				557D5E7E2B5EBDD600A402D3 /* Setup */,
				55A783692B48324A00E20DF9 /* Authorization */,
				55636DD02B8E0BF000B2CDA6 /* UserRouter.swift */,
			);
			path = Controller;
			sourceTree = "<group>";
		};
		55081A732B46877400D71B31 /* Menu */ = {
			isa = PBXGroup;
			children = (
				5545DAC12B502C50007D31B6 /* FoodItem.swift */,
				55081A742B46877B00D71B31 /* Menu.swift */,
				55081A762B4687DE00D71B31 /* MenuSection.swift */,
				55081A782B46881900D71B31 /* MenuItem.swift */,
				55081A7A2B46887900D71B31 /* MealItem.swift */,
				55081A7C2B4688AD00D71B31 /* Meal.swift */,
				5545DABB2B5021B7007D31B6 /* RestaurantMenu.swift */,
			);
			path = Menu;
			sourceTree = "<group>";
		};
		55081A8A2B4696F500D71B31 /* Restaurant */ = {
			isa = PBXGroup;
			children = (
				55081A7E2B468D1800D71B31 /* Address.swift */,
				55081A842B4690E900D71B31 /* Kitchen.swift */,
				55081A6B2B467C7000D71B31 /* Branch.swift */,
				55081A692B467BF300D71B31 /* Restaurant.swift */,
				55A65C9F2B623AC400776D03 /* RestaurantTable.swift */,
			);
			path = Restaurant;
			sourceTree = "<group>";
		};
		55081A8B2B46972600D71B31 /* Order */ = {
			isa = PBXGroup;
			children = (
				55081A862B46938F00D71B31 /* Order.swift */,
			);
			path = Order;
			sourceTree = "<group>";
		};
		55081A8C2B46972D00D71B31 /* Account */ = {
			isa = PBXGroup;
			children = (
				55081A712B46817E00D71B31 /* Account.swift */,
			);
			path = Account;
			sourceTree = "<group>";
		};
		55081A8D2B46973400D71B31 /* Person */ = {
			isa = PBXGroup;
			children = (
				55081A6D2B467CF400D71B31 /* Person.swift */,
				55081A6F2B467D9D00D71B31 /* Employee.swift */,
				55081A822B468E3100D71B31 /* Chef.swift */,
				55081A802B468DF300D71B31 /* Manager.swift */,
				55081A882B4694E000D71B31 /* WaitStaff.swift */,
			);
			path = Person;
			sourceTree = "<group>";
		};
		551E9BD82B6D2AAB003C57E3 /* Admin */ = {
			isa = PBXGroup;
			children = (
				551E9BD92B6D2AB6003C57E3 /* Admin.swift */,
			);
			path = Admin;
			sourceTree = "<group>";
		};
		551E9BDB2B720D79003C57E3 /* Menu */ = {
			isa = PBXGroup;
			children = (
				551E9BDC2B720D88003C57E3 /* MenuConsoleView.swift */,
			);
			path = Menu;
			sourceTree = "<group>";
		};
		5522D24D2BA1849A00740AA8 /* Database */ = {
			isa = PBXGroup;
			children = (
				55DB06F62BB1BCB6009A28B0 /* QueryBuilder */,
				55DB06F52BB1BC8F009A28B0 /* DatabaseAccess */,
				5522D2542BA2BA7C00740AA8 /* DBSwiftWrapper */,
				55F2DDBF2BA9911300D527C4 /* DBParsers */,
			);
			path = Database;
			sourceTree = "<group>";
		};
		5522D2542BA2BA7C00740AA8 /* DBSwiftWrapper */ = {
			isa = PBXGroup;
			children = (
				5522D2552BA2BA9100740AA8 /* SQLiteDatabase.swift */,
				5522D2572BA2BC9A00740AA8 /* SQLiteError.swift */,
			);
			path = DBSwiftWrapper;
			sourceTree = "<group>";
		};
		55236CD12B99D6DE00D04A9D /* Parser */ = {
			isa = PBXGroup;
			children = (
				55236CD22B99D6F400D04A9D /* MenuParser.swift */,
				55236CD62B99D72A00D04A9D /* TableParser.swift */,
				55236CD82B99D73D00D04A9D /* BillParser.swift */,
				55236CDA2B99D75900D04A9D /* OrderParser.swift */,
				55236CDC2B99D78B00D04A9D /* CSVParcable.swift */,
			);
			path = Parser;
			sourceTree = "<group>";
		};
		553BA48D2B67A59B00B2F7E3 /* Billing */ = {
			isa = PBXGroup;
			children = (
				553BA4912B67A5BE00B2F7E3 /* BillingConsoleView.swift */,
			);
			path = Billing;
			sourceTree = "<group>";
		};
		553BA48E2B67A5A100B2F7E3 /* Billing */ = {
			isa = PBXGroup;
			children = (
				553BA48F2B67A5B300B2F7E3 /* BillingController.swift */,
			);
			path = Billing;
			sourceTree = "<group>";
		};
		553BA4932B67C0C400B2F7E3 /* Chef */ = {
			isa = PBXGroup;
			children = (
				553BA4A22B6A3B0100B2F7E3 /* UpdateStatusController.swift */,
			);
			path = Chef;
			sourceTree = "<group>";
		};
		553BA4982B68DB1F00B2F7E3 /* Table */ = {
			isa = PBXGroup;
			children = (
				553BA4992B68DB2800B2F7E3 /* TableManager.swift */,
				55881ACA2B7A246C00422051 /* TableController.swift */,
			);
			path = Table;
			sourceTree = "<group>";
		};
		553BA49C2B69018100B2F7E3 /* Bill */ = {
			isa = PBXGroup;
			children = (
				553BA49D2B69018800B2F7E3 /* Bill.swift */,
				553BA4A52B6B73FC00B2F7E3 /* BillManager.swift */,
			);
			path = Bill;
			sourceTree = "<group>";
		};
		553BA49F2B69291A00B2F7E3 /* Chef */ = {
			isa = PBXGroup;
			children = (
				553BA4A02B69293400B2F7E3 /* UpdateStatusConsoleView.swift */,
			);
			path = Chef;
			sourceTree = "<group>";
		};
		554396612B5A9C1A004D08ED /* ViewProtocols */ = {
			isa = PBXGroup;
			children = (
				5543965D2B5A9976004D08ED /* ConsoleView.swift */,
				554396622B5A9C40004D08ED /* ConsolePrinter.swift */,
				554396662B5AAD31004D08ED /* CommandLineInputHandler.swift */,
			);
			path = ViewProtocols;
			sourceTree = "<group>";
		};
		5545DAA22B4E77C4007D31B6 /* Utilities */ = {
			isa = PBXGroup;
			children = (
				554396512B58FECD004D08ED /* ModelJSONSerializer.swift */,
				55DB06F72BB1BCD7009A28B0 /* UserUtils */,
				55236CDE2B99D8DD00D04A9D /* Parsable.swift */,
				55236CC52B97619E00D04A9D /* AssociationManager.swift */,
				55C5F71F2BB3E8FC0012B8C2 /* DatabaseService.swift */,
			);
			path = Utilities;
			sourceTree = "<group>";
		};
		55636DD22B8E0FE200B2CDA6 /* Manager */ = {
			isa = PBXGroup;
			children = (
				55636DD32B8E0FF300B2CDA6 /* ManagerConsoleView.swift */,
			);
			path = Manager;
			sourceTree = "<group>";
		};
		55636DD52B8E13F600B2CDA6 /* KitchenStaff */ = {
			isa = PBXGroup;
			children = (
				55636DD62B8E140B00B2CDA6 /* KitchenStaffConsoleView.swift */,
			);
			path = KitchenStaff;
			sourceTree = "<group>";
		};
		55636DD82B8E161B00B2CDA6 /* WaitStaff */ = {
			isa = PBXGroup;
			children = (
				55636DDD2B8E164500B2CDA6 /* WaitStaffConsoleView.swift */,
			);
			path = WaitStaff;
			sourceTree = "<group>";
		};
		55636DEB2B91ADF100B2CDA6 /* Account */ = {
			isa = PBXGroup;
			children = (
				55636DEC2B91AE0100B2CDA6 /* AccountConsoleView.swift */,
			);
			path = Account;
			sourceTree = "<group>";
		};
		557D5E7E2B5EBDD600A402D3 /* Setup */ = {
			isa = PBXGroup;
			children = (
				557D5E882B5FA63D00A402D3 /* RestaurantController.swift */,
				558B05BE2B74AAE5009159BA /* RestaurantSetupController.swift */,
			);
			path = Setup;
			sourceTree = "<group>";
		};
		557D5E852B5FA58800A402D3 /* Setup */ = {
			isa = PBXGroup;
			children = (
				557D5E932B5FE69100A402D3 /* RestaurantSetupConsoleView.swift */,
			);
			path = Setup;
			sourceTree = "<group>";
		};
		557D5E8A2B5FC05F00A402D3 /* Admin */ = {
			isa = PBXGroup;
			children = (
				557D5E8B2B5FC06F00A402D3 /* AdminConsoleView.swift */,
			);
			path = Admin;
			sourceTree = "<group>";
		};
		557D5E8D2B5FC0E700A402D3 /* Admin */ = {
			isa = PBXGroup;
			children = (
				557D5E8E2B5FC0F100A402D3 /* AdminController.swift */,
			);
			path = Admin;
			sourceTree = "<group>";
		};
		557D5E902B5FD6C500A402D3 /* Authorization */ = {
			isa = PBXGroup;
			children = (
				557D5E912B5FD6DD00A402D3 /* AuthConsoleView.swift */,
			);
			path = Authorization;
			sourceTree = "<group>";
		};
		55881AC92B7A244900422051 /* Table */ = {
			isa = PBXGroup;
			children = (
				55881AC72B7A242000422051 /* TableConsoleView.swift */,
			);
			path = Table;
			sourceTree = "<group>";
		};
		55A65C932B60EC5D00776D03 /* Login */ = {
			isa = PBXGroup;
			children = (
				55A65C942B60EC7600776D03 /* LoginConsoleView.swift */,
			);
			path = Login;
			sourceTree = "<group>";
		};
		55A65C962B61107E00776D03 /* Order */ = {
			isa = PBXGroup;
			children = (
				55A65C972B61108F00776D03 /* OrderController.swift */,
				553BA4962B67DA1400B2F7E3 /* OrderManager.swift */,
			);
			path = Order;
			sourceTree = "<group>";
		};
		55A65C992B613ABC00776D03 /* Menu */ = {
			isa = PBXGroup;
			children = (
				55A65C9A2B613AD300776D03 /* MenuController.swift */,
			);
			path = Menu;
			sourceTree = "<group>";
		};
		55A65C9C2B62374A00776D03 /* Home */ = {
			isa = PBXGroup;
			children = (
				55A65C9D2B62375300776D03 /* HomeConsoleView.swift */,
			);
			path = Home;
			sourceTree = "<group>";
		};
		55A65CA12B6246AB00776D03 /* Order */ = {
			isa = PBXGroup;
			children = (
				55A65CA42B6246C500776D03 /* OrderConsoleView.swift */,
			);
			path = Order;
			sourceTree = "<group>";
		};
		55A783692B48324A00E20DF9 /* Authorization */ = {
			isa = PBXGroup;
			children = (
				5545DAAD2B4EBD00007D31B6 /* AuthController.swift */,
				55A7836E2B4BFD0E00E20DF9 /* EditAccountController.swift */,
				55F2DDB92BA84E6900D527C4 /* AuthorizationController.swift */,
			);
			path = Authorization;
			sourceTree = "<group>";
		};
		55C660902B6BBE8900E7FFFB /* Extension */ = {
			isa = PBXGroup;
			children = (
				55636DCA2B8DDC7F00B2CDA6 /* String+DateExtension.swift */,
				55236CCB2B9851CE00D04A9D /* String+OrderFormatting.swift */,
			);
			path = Extension;
			sourceTree = "<group>";
		};
		55D47AEF2BAC3F8700DBEC12 /* DSO */ = {
			isa = PBXGroup;
			children = (
				55D47AF02BAC3FAA00DBEC12 /* OrderItem.swift */,
				55DB07002BB2ACA1009A28B0 /* OrderItemDSO.swift */,
			);
			path = DSO;
			sourceTree = "<group>";
		};
		55D9E46E2B877D0100780B4F /* CSV */ = {
			isa = PBXGroup;
			children = (
				554396482B5168F8004D08ED /* FileIOService.swift */,
				55236CD12B99D6DE00D04A9D /* Parser */,
				55D9E4702B88746D00780B4F /* CSVWritable.swift */,
				55D9E4722B88748D00780B4F /* CSVWriter.swift */,
				55D9E4772B8892B000780B4F /* CSVReader.swift */,
				55236CE22B99F86100D04A9D /* CSVDataAccessObject.swift */,
			);
			path = CSV;
			sourceTree = "<group>";
		};
		55DB06F52BB1BC8F009A28B0 /* DatabaseAccess */ = {
			isa = PBXGroup;
			children = (
				55F2DDC62BAAB9ED00D527C4 /* DatabaseTables.swift */,
				5522D2502BA1D15A00740AA8 /* DatabaseError.swift */,
				5522D2592BA42CE300740AA8 /* SQLiteDataAccess.swift */,
			);
			path = DatabaseAccess;
			sourceTree = "<group>";
		};
		55DB06F62BB1BCB6009A28B0 /* QueryBuilder */ = {
			isa = PBXGroup;
			children = (
				55F2DDBB2BA9728300D527C4 /* Query.swift */,
			);
			path = QueryBuilder;
			sourceTree = "<group>";
		};
		55DB06F72BB1BCD7009A28B0 /* UserUtils */ = {
			isa = PBXGroup;
			children = (
				55A783722B4C009000E20DF9 /* AuthenticationValidator.swift */,
				55636DE32B8F414100B2CDA6 /* UserStore.swift */,
			);
			path = UserUtils;
			sourceTree = "<group>";
		};
		55DB06F82BB1BCFD009A28B0 /* NonPersistance */ = {
			isa = PBXGroup;
			children = (
				55081A942B46C14A00D71B31 /* UserManager.swift */,
				558B05C42B74E86B009159BA /* UserRepository.swift */,
				558B05C62B74E9D6009159BA /* InMemoryUserRepository.swift */,
			);
			path = NonPersistance;
			sourceTree = "<group>";
		};
		55DB06FB2BB29636009A28B0 /* Data */ = {
			isa = PBXGroup;
			children = (
				55DB06FC2BB29641009A28B0 /* DataService.swift */,
			);
			path = Data;
			sourceTree = "<group>";
		};
		55DB07022BB2B1BA009A28B0 /* ModalLayer */ = {
			isa = PBXGroup;
			children = (
				55DB07032BB2B1C8009A28B0 /* OrderService.swift */,
				55DB06FE2BB297A4009A28B0 /* TableService.swift */,
				55DB07052BB2C503009A28B0 /* BillService.swift */,
				55C5F7252BB4804D0012B8C2 /* MenuService.swift */,
				55C5F7272BB480B10012B8C2 /* AccountService.swift */,
			);
			path = ModalLayer;
			sourceTree = "<group>";
		};
		55F2DDBF2BA9911300D527C4 /* DBParsers */ = {
			isa = PBXGroup;
			children = (
				55F2DDC22BA9916D00D527C4 /* DatabaseParsable.swift */,
			);
			path = DBParsers;
			sourceTree = "<group>";
		};
		55FE85032B95D8DC00E7E78B /* CSVModal */ = {
			isa = PBXGroup;
			children = (
				55FE85042B95D8F800E7E78B /* OrderItemAssociation.swift */,
			);
			path = CSVModal;
			sourceTree = "<group>";
		};
		55FE85062B96DFB300E7E78B /* DataAccessObject */ = {
			isa = PBXGroup;
			children = (
				55FE85072B96EC2A00E7E78B /* DataAccessObject.swift */,
				55236CCD2B98981D00D04A9D /* InMemoryDAO.swift */,
			);
			path = DataAccessObject;
			sourceTree = "<group>";
		};
/* End PBXGroup section */

/* Begin PBXNativeTarget section */
		55081A5B2B467AF800D71B31 /* Dine */ = {
			isa = PBXNativeTarget;
			buildConfigurationList = 55081A632B467AF800D71B31 /* Build configuration list for PBXNativeTarget "Dine" */;
			buildPhases = (
				55081A582B467AF800D71B31 /* Sources */,
				55081A592B467AF800D71B31 /* Frameworks */,
				55081A5A2B467AF800D71B31 /* CopyFiles */,
			);
			buildRules = (
			);
			dependencies = (
			);
			name = Dine;
			productName = Dine;
			productReference = 55081A5C2B467AF800D71B31 /* Dine */;
			productType = "com.apple.product-type.tool";
		};
/* End PBXNativeTarget section */

/* Begin PBXProject section */
		55081A542B467AF800D71B31 /* Project object */ = {
			isa = PBXProject;
			attributes = {
				BuildIndependentTargetsInParallel = 1;
				LastSwiftUpdateCheck = 1500;
				LastUpgradeCheck = 1500;
				TargetAttributes = {
					55081A5B2B467AF800D71B31 = {
						CreatedOnToolsVersion = 15.0;
					};
				};
			};
			buildConfigurationList = 55081A572B467AF800D71B31 /* Build configuration list for PBXProject "Dine" */;
			compatibilityVersion = "Xcode 14.0";
			developmentRegion = en;
			hasScannedForEncodings = 0;
			knownRegions = (
				en,
				Base,
			);
			mainGroup = 55081A532B467AF800D71B31;
			productRefGroup = 55081A5D2B467AF800D71B31 /* Products */;
			projectDirPath = "";
			projectRoot = "";
			targets = (
				55081A5B2B467AF800D71B31 /* Dine */,
			);
		};
/* End PBXProject section */

/* Begin PBXSourcesBuildPhase section */
		55081A582B467AF800D71B31 /* Sources */ = {
			isa = PBXSourcesBuildPhase;
			buildActionMask = 2147483647;
			files = (
				55DB07062BB2C503009A28B0 /* BillService.swift in Sources */,
				55DB07012BB2ACA1009A28B0 /* OrderItemDSO.swift in Sources */,
				5545DABC2B5021B7007D31B6 /* RestaurantMenu.swift in Sources */,
				554396522B58FECD004D08ED /* ModelJSONSerializer.swift in Sources */,
				557D5E942B5FE69100A402D3 /* RestaurantSetupConsoleView.swift in Sources */,
				55236CD72B99D72A00D04A9D /* TableParser.swift in Sources */,
				554396632B5A9C40004D08ED /* ConsolePrinter.swift in Sources */,
				55236CDF2B99D8DD00D04A9D /* Parsable.swift in Sources */,
				55236CC62B97619E00D04A9D /* AssociationManager.swift in Sources */,
				55081A6A2B467BF300D71B31 /* Restaurant.swift in Sources */,
				55F2DDC32BA9916D00D527C4 /* DatabaseParsable.swift in Sources */,
				55081A6C2B467C7000D71B31 /* Branch.swift in Sources */,
				55081A872B46938F00D71B31 /* Order.swift in Sources */,
				55881ACB2B7A246C00422051 /* TableController.swift in Sources */,
				5545DAAE2B4EBD00007D31B6 /* AuthController.swift in Sources */,
				55DB06FF2BB297A4009A28B0 /* TableService.swift in Sources */,
				55A65C9B2B613AD300776D03 /* MenuController.swift in Sources */,
				55081A752B46877B00D71B31 /* Menu.swift in Sources */,
				553BA4A12B69293400B2F7E3 /* UpdateStatusConsoleView.swift in Sources */,
				55636DD42B8E0FF300B2CDA6 /* ManagerConsoleView.swift in Sources */,
				553BA4A62B6B73FC00B2F7E3 /* BillManager.swift in Sources */,
				55081A6E2B467CF400D71B31 /* Person.swift in Sources */,
				55236CCE2B98981D00D04A9D /* InMemoryDAO.swift in Sources */,
				5522D2582BA2BC9A00740AA8 /* SQLiteError.swift in Sources */,
				55236CE32B99F86100D04A9D /* CSVDataAccessObject.swift in Sources */,
				5545DAC22B502C50007D31B6 /* FoodItem.swift in Sources */,
				55081A7D2B4688AD00D71B31 /* Meal.swift in Sources */,
				55A7836F2B4BFD0E00E20DF9 /* EditAccountController.swift in Sources */,
				5543965E2B5A9976004D08ED /* ConsoleView.swift in Sources */,
				55DB06FA2BB1D363009A28B0 /* DefaultSetupService.swift in Sources */,
				55081A832B468E3100D71B31 /* Chef.swift in Sources */,
				55F2DDBA2BA84E6900D527C4 /* AuthorizationController.swift in Sources */,
				55D9E4732B88748D00780B4F /* CSVWriter.swift in Sources */,
				55C5F7242BB4031B0012B8C2 /* CustomNotifications.swift in Sources */,
				55F2DDBC2BA9728300D527C4 /* Query.swift in Sources */,
				551E9BDA2B6D2AB6003C57E3 /* Admin.swift in Sources */,
				55636DED2B91AE0100B2CDA6 /* AccountConsoleView.swift in Sources */,
				55A65C982B61108F00776D03 /* OrderController.swift in Sources */,
				55C5F7202BB3E8FC0012B8C2 /* DatabaseService.swift in Sources */,
				553BA4922B67A5BE00B2F7E3 /* BillingConsoleView.swift in Sources */,
				5512D9FA2B875D1700E2CFCD /* FileIOError.swift in Sources */,
				554396492B5168F8004D08ED /* FileIOService.swift in Sources */,
				55081A702B467D9D00D71B31 /* Employee.swift in Sources */,
				554396672B5AAD31004D08ED /* CommandLineInputHandler.swift in Sources */,
				553BA4A32B6A3B0100B2F7E3 /* UpdateStatusController.swift in Sources */,
				55081A852B4690E900D71B31 /* Kitchen.swift in Sources */,
				55636DCB2B8DDC7F00B2CDA6 /* String+DateExtension.swift in Sources */,
				55081A7F2B468D1800D71B31 /* Address.swift in Sources */,
				55D9E4712B88746D00780B4F /* CSVWritable.swift in Sources */,
				55DB07042BB2B1C8009A28B0 /* OrderService.swift in Sources */,
				55FE85052B95D8F900E7E78B /* OrderItemAssociation.swift in Sources */,
				55236CD32B99D6F400D04A9D /* MenuParser.swift in Sources */,
				55636DCF2B8DF2DB00B2CDA6 /* Filename.swift in Sources */,
				55081A812B468DF300D71B31 /* Manager.swift in Sources */,
				55081A602B467AF800D71B31 /* main.swift in Sources */,
				557D5E922B5FD6DD00A402D3 /* AuthConsoleView.swift in Sources */,
				55FE85082B96EC2A00E7E78B /* DataAccessObject.swift in Sources */,
				55DB06FD2BB29641009A28B0 /* DataService.swift in Sources */,
				5522D25A2BA42CE300740AA8 /* SQLiteDataAccess.swift in Sources */,
				55C5F7262BB4804D0012B8C2 /* MenuService.swift in Sources */,
				55081A792B46881900D71B31 /* MenuItem.swift in Sources */,
				55A65CA52B6246C500776D03 /* OrderConsoleView.swift in Sources */,
				55081A892B4694E000D71B31 /* WaitStaff.swift in Sources */,
				557D5E8C2B5FC06F00A402D3 /* AdminConsoleView.swift in Sources */,
				55081A7B2B46887900D71B31 /* MealItem.swift in Sources */,
				55081A772B4687DE00D71B31 /* MenuSection.swift in Sources */,
				55A65C952B60EC7600776D03 /* LoginConsoleView.swift in Sources */,
				55081A952B46C14A00D71B31 /* UserManager.swift in Sources */,
				55A783732B4C009000E20DF9 /* AuthenticationValidator.swift in Sources */,
				55D9E47C2B88B60600780B4F /* CSVParseError.swift in Sources */,
				5522D2512BA1D15A00740AA8 /* DatabaseError.swift in Sources */,
				55881AC82B7A242000422051 /* TableConsoleView.swift in Sources */,
				5522D2562BA2BA9100740AA8 /* SQLiteDatabase.swift in Sources */,
				55C5F7282BB480B10012B8C2 /* AccountService.swift in Sources */,
				553BA4902B67A5B300B2F7E3 /* BillingController.swift in Sources */,
				55D9E4782B8892B000780B4F /* CSVReader.swift in Sources */,
				55636DD72B8E140B00B2CDA6 /* KitchenStaffConsoleView.swift in Sources */,
				55236CDD2B99D78B00D04A9D /* CSVParcable.swift in Sources */,
				55636DD12B8E0BF000B2CDA6 /* UserRouter.swift in Sources */,
				55A65CA02B623AC400776D03 /* RestaurantTable.swift in Sources */,
				551E9BDD2B720D88003C57E3 /* MenuConsoleView.swift in Sources */,
				55636DE42B8F414100B2CDA6 /* UserStore.swift in Sources */,
				5501FB3E2B7E1AD900A8311B /* AuthenticationError.swift in Sources */,
				553BA49E2B69018800B2F7E3 /* Bill.swift in Sources */,
				557D5E892B5FA63D00A402D3 /* RestaurantController.swift in Sources */,
				55236CCC2B9851CE00D04A9D /* String+OrderFormatting.swift in Sources */,
				558B05C52B74E86B009159BA /* UserRepository.swift in Sources */,
				553BA49A2B68DB2800B2F7E3 /* TableManager.swift in Sources */,
				55236CD92B99D73D00D04A9D /* BillParser.swift in Sources */,
				55D9E47E2B8C704D00780B4F /* UserStatus.swift in Sources */,
				55A65C9E2B62375300776D03 /* HomeConsoleView.swift in Sources */,
				558B05C72B74E9D6009159BA /* InMemoryUserRepository.swift in Sources */,
				55636DDE2B8E164500B2CDA6 /* WaitStaffConsoleView.swift in Sources */,
				55D47AF12BAC3FAA00DBEC12 /* OrderItem.swift in Sources */,
				55F2DDC72BAAB9ED00D527C4 /* DatabaseTables.swift in Sources */,
				553BA4972B67DA1400B2F7E3 /* OrderManager.swift in Sources */,
				55081A722B46817E00D71B31 /* Account.swift in Sources */,
				55236CDB2B99D75900D04A9D /* OrderParser.swift in Sources */,
				558B05BF2B74AAE5009159BA /* RestaurantSetupController.swift in Sources */,
				557D5E8F2B5FC0F100A402D3 /* AdminController.swift in Sources */,
			);
			runOnlyForDeploymentPostprocessing = 0;
		};
/* End PBXSourcesBuildPhase section */

/* Begin XCBuildConfiguration section */
		55081A612B467AF800D71B31 /* Debug */ = {
			isa = XCBuildConfiguration;
			buildSettings = {
				ALWAYS_SEARCH_USER_PATHS = NO;
				ASSETCATALOG_COMPILER_GENERATE_SWIFT_ASSET_SYMBOL_EXTENSIONS = YES;
				CLANG_ANALYZER_NONNULL = YES;
				CLANG_ANALYZER_NUMBER_OBJECT_CONVERSION = YES_AGGRESSIVE;
				CLANG_CXX_LANGUAGE_STANDARD = "gnu++20";
				CLANG_ENABLE_MODULES = YES;
				CLANG_ENABLE_OBJC_ARC = YES;
				CLANG_ENABLE_OBJC_WEAK = YES;
				CLANG_WARN_BLOCK_CAPTURE_AUTORELEASING = YES;
				CLANG_WARN_BOOL_CONVERSION = YES;
				CLANG_WARN_COMMA = YES;
				CLANG_WARN_CONSTANT_CONVERSION = YES;
				CLANG_WARN_DEPRECATED_OBJC_IMPLEMENTATIONS = YES;
				CLANG_WARN_DIRECT_OBJC_ISA_USAGE = YES_ERROR;
				CLANG_WARN_DOCUMENTATION_COMMENTS = YES;
				CLANG_WARN_EMPTY_BODY = YES;
				CLANG_WARN_ENUM_CONVERSION = YES;
				CLANG_WARN_INFINITE_RECURSION = YES;
				CLANG_WARN_INT_CONVERSION = YES;
				CLANG_WARN_NON_LITERAL_NULL_CONVERSION = YES;
				CLANG_WARN_OBJC_IMPLICIT_RETAIN_SELF = YES;
				CLANG_WARN_OBJC_LITERAL_CONVERSION = YES;
				CLANG_WARN_OBJC_ROOT_CLASS = YES_ERROR;
				CLANG_WARN_QUOTED_INCLUDE_IN_FRAMEWORK_HEADER = YES;
				CLANG_WARN_RANGE_LOOP_ANALYSIS = YES;
				CLANG_WARN_STRICT_PROTOTYPES = YES;
				CLANG_WARN_SUSPICIOUS_MOVE = YES;
				CLANG_WARN_UNGUARDED_AVAILABILITY = YES_AGGRESSIVE;
				CLANG_WARN_UNREACHABLE_CODE = YES;
				CLANG_WARN__DUPLICATE_METHOD_MATCH = YES;
				COPY_PHASE_STRIP = NO;
				DEBUG_INFORMATION_FORMAT = dwarf;
				ENABLE_STRICT_OBJC_MSGSEND = YES;
				ENABLE_TESTABILITY = YES;
				ENABLE_USER_SCRIPT_SANDBOXING = YES;
				GCC_C_LANGUAGE_STANDARD = gnu17;
				GCC_DYNAMIC_NO_PIC = NO;
				GCC_NO_COMMON_BLOCKS = YES;
				GCC_OPTIMIZATION_LEVEL = 0;
				GCC_PREPROCESSOR_DEFINITIONS = (
					"DEBUG=1",
					"$(inherited)",
				);
				GCC_WARN_64_TO_32_BIT_CONVERSION = YES;
				GCC_WARN_ABOUT_RETURN_TYPE = YES_ERROR;
				GCC_WARN_UNDECLARED_SELECTOR = YES;
				GCC_WARN_UNINITIALIZED_AUTOS = YES_AGGRESSIVE;
				GCC_WARN_UNUSED_FUNCTION = YES;
				GCC_WARN_UNUSED_VARIABLE = YES;
				LOCALIZATION_PREFERS_STRING_CATALOGS = YES;
				MACOSX_DEPLOYMENT_TARGET = 14.0;
				MTL_ENABLE_DEBUG_INFO = INCLUDE_SOURCE;
				MTL_FAST_MATH = YES;
				ONLY_ACTIVE_ARCH = YES;
				SDKROOT = macosx;
				SWIFT_ACTIVE_COMPILATION_CONDITIONS = "DEBUG $(inherited)";
				SWIFT_OPTIMIZATION_LEVEL = "-Onone";
			};
			name = Debug;
		};
		55081A622B467AF800D71B31 /* Release */ = {
			isa = XCBuildConfiguration;
			buildSettings = {
				ALWAYS_SEARCH_USER_PATHS = NO;
				ASSETCATALOG_COMPILER_GENERATE_SWIFT_ASSET_SYMBOL_EXTENSIONS = YES;
				CLANG_ANALYZER_NONNULL = YES;
				CLANG_ANALYZER_NUMBER_OBJECT_CONVERSION = YES_AGGRESSIVE;
				CLANG_CXX_LANGUAGE_STANDARD = "gnu++20";
				CLANG_ENABLE_MODULES = YES;
				CLANG_ENABLE_OBJC_ARC = YES;
				CLANG_ENABLE_OBJC_WEAK = YES;
				CLANG_WARN_BLOCK_CAPTURE_AUTORELEASING = YES;
				CLANG_WARN_BOOL_CONVERSION = YES;
				CLANG_WARN_COMMA = YES;
				CLANG_WARN_CONSTANT_CONVERSION = YES;
				CLANG_WARN_DEPRECATED_OBJC_IMPLEMENTATIONS = YES;
				CLANG_WARN_DIRECT_OBJC_ISA_USAGE = YES_ERROR;
				CLANG_WARN_DOCUMENTATION_COMMENTS = YES;
				CLANG_WARN_EMPTY_BODY = YES;
				CLANG_WARN_ENUM_CONVERSION = YES;
				CLANG_WARN_INFINITE_RECURSION = YES;
				CLANG_WARN_INT_CONVERSION = YES;
				CLANG_WARN_NON_LITERAL_NULL_CONVERSION = YES;
				CLANG_WARN_OBJC_IMPLICIT_RETAIN_SELF = YES;
				CLANG_WARN_OBJC_LITERAL_CONVERSION = YES;
				CLANG_WARN_OBJC_ROOT_CLASS = YES_ERROR;
				CLANG_WARN_QUOTED_INCLUDE_IN_FRAMEWORK_HEADER = YES;
				CLANG_WARN_RANGE_LOOP_ANALYSIS = YES;
				CLANG_WARN_STRICT_PROTOTYPES = YES;
				CLANG_WARN_SUSPICIOUS_MOVE = YES;
				CLANG_WARN_UNGUARDED_AVAILABILITY = YES_AGGRESSIVE;
				CLANG_WARN_UNREACHABLE_CODE = YES;
				CLANG_WARN__DUPLICATE_METHOD_MATCH = YES;
				COPY_PHASE_STRIP = NO;
				DEBUG_INFORMATION_FORMAT = "dwarf-with-dsym";
				ENABLE_NS_ASSERTIONS = NO;
				ENABLE_STRICT_OBJC_MSGSEND = YES;
				ENABLE_USER_SCRIPT_SANDBOXING = YES;
				GCC_C_LANGUAGE_STANDARD = gnu17;
				GCC_NO_COMMON_BLOCKS = YES;
				GCC_WARN_64_TO_32_BIT_CONVERSION = YES;
				GCC_WARN_ABOUT_RETURN_TYPE = YES_ERROR;
				GCC_WARN_UNDECLARED_SELECTOR = YES;
				GCC_WARN_UNINITIALIZED_AUTOS = YES_AGGRESSIVE;
				GCC_WARN_UNUSED_FUNCTION = YES;
				GCC_WARN_UNUSED_VARIABLE = YES;
				LOCALIZATION_PREFERS_STRING_CATALOGS = YES;
				MACOSX_DEPLOYMENT_TARGET = 14.0;
				MTL_ENABLE_DEBUG_INFO = NO;
				MTL_FAST_MATH = YES;
				SDKROOT = macosx;
				SWIFT_COMPILATION_MODE = wholemodule;
			};
			name = Release;
		};
		55081A642B467AF800D71B31 /* Debug */ = {
			isa = XCBuildConfiguration;
			buildSettings = {
				"CODE_SIGN_IDENTITY[sdk=macosx*]" = "Apple Development";
				CODE_SIGN_STYLE = Automatic;
				DEVELOPMENT_TEAM = VVZ8G92URG;
				ENABLE_HARDENED_RUNTIME = YES;
				PRODUCT_BUNDLE_IDENTIFIER = com.sekiro.Dine;
				PRODUCT_NAME = "$(TARGET_NAME)";
				SWIFT_VERSION = 5.0;
			};
			name = Debug;
		};
		55081A652B467AF800D71B31 /* Release */ = {
			isa = XCBuildConfiguration;
			buildSettings = {
				"CODE_SIGN_IDENTITY[sdk=macosx*]" = "Apple Development";
				CODE_SIGN_STYLE = Automatic;
				DEVELOPMENT_TEAM = VVZ8G92URG;
				ENABLE_HARDENED_RUNTIME = YES;
				PRODUCT_BUNDLE_IDENTIFIER = com.sekiro.Dine;
				PRODUCT_NAME = "$(TARGET_NAME)";
				SWIFT_VERSION = 5.0;
			};
			name = Release;
		};
/* End XCBuildConfiguration section */

/* Begin XCConfigurationList section */
		55081A572B467AF800D71B31 /* Build configuration list for PBXProject "Dine" */ = {
			isa = XCConfigurationList;
			buildConfigurations = (
				55081A612B467AF800D71B31 /* Debug */,
				55081A622B467AF800D71B31 /* Release */,
			);
			defaultConfigurationIsVisible = 0;
			defaultConfigurationName = Release;
		};
		55081A632B467AF800D71B31 /* Build configuration list for PBXNativeTarget "Dine" */ = {
			isa = XCConfigurationList;
			buildConfigurations = (
				55081A642B467AF800D71B31 /* Debug */,
				55081A652B467AF800D71B31 /* Release */,
			);
			defaultConfigurationIsVisible = 0;
			defaultConfigurationName = Release;
		};
/* End XCConfigurationList section */
	};
	rootObject = 55081A542B467AF800D71B31 /* Project object */;
}
